// !$*UTF8*$!
{
	archiveVersion = 1;
	classes = {
	};
	objectVersion = 56;
	objects = {

/* Begin PBXBuildFile section */
		CB00AD702A7B7A7D009091ED /* SearchTextField.swift in Sources */ = {isa = PBXBuildFile; fileRef = CB00AD6F2A7B7A7D009091ED /* SearchTextField.swift */; };
		CB00AD722A7B7D6E009091ED /* SectionTitleAll.swift in Sources */ = {isa = PBXBuildFile; fileRef = CB00AD712A7B7D6E009091ED /* SectionTitleAll.swift */; };
		CB00AD742A7B806D009091ED /* ProductCell.swift in Sources */ = {isa = PBXBuildFile; fileRef = CB00AD732A7B806D009091ED /* ProductCell.swift */; };
		CB00AD762A7B8476009091ED /* CategoryCell.swift in Sources */ = {isa = PBXBuildFile; fileRef = CB00AD752A7B8476009091ED /* CategoryCell.swift */; };
		CB0491BB2A89F44900720BC3 /* OrderAccpetView.swift in Sources */ = {isa = PBXBuildFile; fileRef = CB0491BA2A89F44900720BC3 /* OrderAccpetView.swift */; };
		CB05BDEA2A7A1C5800A3BAAB /* SignUpView.swift in Sources */ = {isa = PBXBuildFile; fileRef = CB05BDE92A7A1C5800A3BAAB /* SignUpView.swift */; };
		CB05BDEC2A7A21F900A3BAAB /* UserModel.swift in Sources */ = {isa = PBXBuildFile; fileRef = CB05BDEB2A7A21F900A3BAAB /* UserModel.swift */; };
		CB05BDEF2A7A270100A3BAAB /* MainTabView.swift in Sources */ = {isa = PBXBuildFile; fileRef = CB05BDEE2A7A270100A3BAAB /* MainTabView.swift */; };
		CB13E6512C2F2534002A6D70 /* TextArea.swift in Sources */ = {isa = PBXBuildFile; fileRef = CB13E6502C2F2534002A6D70 /* TextArea.swift */; };
		CB13E6532C2F3641002A6D70 /* WriteReviewView.swift in Sources */ = {isa = PBXBuildFile; fileRef = CB13E6522C2F3641002A6D70 /* WriteReviewView.swift */; };
		CB165DB12A7B578100A672DE /* HomeViewModel.swift in Sources */ = {isa = PBXBuildFile; fileRef = CB165DB02A7B578100A672DE /* HomeViewModel.swift */; };
		CB165DB42A7B583B00A672DE /* HomeView.swift in Sources */ = {isa = PBXBuildFile; fileRef = CB165DB32A7B583B00A672DE /* HomeView.swift */; };
		CB165DB82A7B58C100A672DE /* ExploreView.swift in Sources */ = {isa = PBXBuildFile; fileRef = CB165DB72A7B58C100A672DE /* ExploreView.swift */; };
		CB165DBC2A7B5FAF00A672DE /* TabButton.swift in Sources */ = {isa = PBXBuildFile; fileRef = CB165DBB2A7B5FAF00A672DE /* TabButton.swift */; };
		CB448CA82A88895E00CB9DA3 /* CheckoutView.swift in Sources */ = {isa = PBXBuildFile; fileRef = CB448CA72A88895E00CB9DA3 /* CheckoutView.swift */; };
		CB6C332F2A7CB279007CECA2 /* ProductModel.swift in Sources */ = {isa = PBXBuildFile; fileRef = CB6C332E2A7CB279007CECA2 /* ProductModel.swift */; };
		CB6C33312A7CB71C007CECA2 /* TypeModel.swift in Sources */ = {isa = PBXBuildFile; fileRef = CB6C33302A7CB71C007CECA2 /* TypeModel.swift */; };
		CB6C33342A7CBA77007CECA2 /* SDWebImageSwiftUI in Frameworks */ = {isa = PBXBuildFile; productRef = CB6C33332A7CBA77007CECA2 /* SDWebImageSwiftUI */; };
		CB7C294F2A8358BE00A1E404 /* AccountView.swift in Sources */ = {isa = PBXBuildFile; fileRef = CB7C294E2A8358BE00A1E404 /* AccountView.swift */; };
		CB7C29512A835FC600A1E404 /* AccountRow.swift in Sources */ = {isa = PBXBuildFile; fileRef = CB7C29502A835FC600A1E404 /* AccountRow.swift */; };
		CB7C29532A83618800A1E404 /* DelieryAddressView.swift in Sources */ = {isa = PBXBuildFile; fileRef = CB7C29522A83618800A1E404 /* DelieryAddressView.swift */; };
		CB7C29552A83630400A1E404 /* DeliveryAddressViewModel.swift in Sources */ = {isa = PBXBuildFile; fileRef = CB7C29542A83630400A1E404 /* DeliveryAddressViewModel.swift */; };
		CB7C29572A83633700A1E404 /* AddressModel.swift in Sources */ = {isa = PBXBuildFile; fileRef = CB7C29562A83633700A1E404 /* AddressModel.swift */; };
		CB7EB1662A84AF4C00AF6806 /* AddDeliveryAddressView.swift in Sources */ = {isa = PBXBuildFile; fileRef = CB7EB1652A84AF4C00AF6806 /* AddDeliveryAddressView.swift */; };
		CB7EF4F42A7E66B000DA6DA6 /* ProductDetailView.swift in Sources */ = {isa = PBXBuildFile; fileRef = CB7EF4F32A7E66B000DA6DA6 /* ProductDetailView.swift */; };
		CB7EF4F62A7E678100DA6DA6 /* ProductDetailViewModel.swift in Sources */ = {isa = PBXBuildFile; fileRef = CB7EF4F52A7E678100DA6DA6 /* ProductDetailViewModel.swift */; };
		CB7EF4F82A7E680C00DA6DA6 /* NutritionModel.swift in Sources */ = {isa = PBXBuildFile; fileRef = CB7EF4F72A7E680C00DA6DA6 /* NutritionModel.swift */; };
		CB7EF4FA2A7E686400DA6DA6 /* ImageModel.swift in Sources */ = {isa = PBXBuildFile; fileRef = CB7EF4F92A7E686400DA6DA6 /* ImageModel.swift */; };
		CB81AA842A8BF3B50069CA84 /* NotificationViewModel.swift in Sources */ = {isa = PBXBuildFile; fileRef = CB81AA832A8BF3B50069CA84 /* NotificationViewModel.swift */; };
		CB81AA862A8BF4310069CA84 /* NotificationModel.swift in Sources */ = {isa = PBXBuildFile; fileRef = CB81AA852A8BF4310069CA84 /* NotificationModel.swift */; };
		CB81AA882A8BF51A0069CA84 /* NotificationView.swift in Sources */ = {isa = PBXBuildFile; fileRef = CB81AA872A8BF51A0069CA84 /* NotificationView.swift */; };
		CB81AA8A2A8BF77D0069CA84 /* MyDetailsViewModel.swift in Sources */ = {isa = PBXBuildFile; fileRef = CB81AA892A8BF77D0069CA84 /* MyDetailsViewModel.swift */; };
		CB81AA8C2A8BF9D00069CA84 /* MyDetailsView.swift in Sources */ = {isa = PBXBuildFile; fileRef = CB81AA8B2A8BF9D00069CA84 /* MyDetailsView.swift */; };
		CB81AA8E2A8BFDA80069CA84 /* ChangePasswordView.swift in Sources */ = {isa = PBXBuildFile; fileRef = CB81AA8D2A8BFDA80069CA84 /* ChangePasswordView.swift */; };
		CB8E0E3D2A81FFFE0018A4FF /* CartViewModel.swift in Sources */ = {isa = PBXBuildFile; fileRef = CB8E0E3C2A81FFFE0018A4FF /* CartViewModel.swift */; };
		CB8E0E3F2A8200BD0018A4FF /* CartItemModel.swift in Sources */ = {isa = PBXBuildFile; fileRef = CB8E0E3E2A8200BD0018A4FF /* CartItemModel.swift */; };
		CB8E0E422A82042F0018A4FF /* MyCartView.swift in Sources */ = {isa = PBXBuildFile; fileRef = CB8E0E412A82042F0018A4FF /* MyCartView.swift */; };
		CB8E0E442A8204C80018A4FF /* CartItemRow.swift in Sources */ = {isa = PBXBuildFile; fileRef = CB8E0E432A8204C80018A4FF /* CartItemRow.swift */; };
		CB94C9A52A8B3774002F1597 /* MyOrderDetailViewModel.swift in Sources */ = {isa = PBXBuildFile; fileRef = CB94C9A42A8B3774002F1597 /* MyOrderDetailViewModel.swift */; };
		CB94C9A72A8B3983002F1597 /* MyOrdersDetailView.swift in Sources */ = {isa = PBXBuildFile; fileRef = CB94C9A62A8B3983002F1597 /* MyOrdersDetailView.swift */; };
		CB94C9A92A8B3F94002F1597 /* OrderItemRow.swift in Sources */ = {isa = PBXBuildFile; fileRef = CB94C9A82A8B3F94002F1597 /* OrderItemRow.swift */; };
		CB94C9AB2A8B4490002F1597 /* OrderItemModel.swift in Sources */ = {isa = PBXBuildFile; fileRef = CB94C9AA2A8B4490002F1597 /* OrderItemModel.swift */; };
		CB9D6EB92A8D41AA00669923 /* ForgotPasswordViewModel.swift in Sources */ = {isa = PBXBuildFile; fileRef = CB9D6EB82A8D41AA00669923 /* ForgotPasswordViewModel.swift */; };
		CB9D6EBB2A8D43ED00669923 /* ForgotPasswordView.swift in Sources */ = {isa = PBXBuildFile; fileRef = CB9D6EBA2A8D43ED00669923 /* ForgotPasswordView.swift */; };
		CB9D6EBD2A8D449A00669923 /* OTPView.swift in Sources */ = {isa = PBXBuildFile; fileRef = CB9D6EBC2A8D449A00669923 /* OTPView.swift */; };
		CB9D6EBF2A8D46FB00669923 /* ForgotPasswordSetView.swift in Sources */ = {isa = PBXBuildFile; fileRef = CB9D6EBE2A8D46FB00669923 /* ForgotPasswordSetView.swift */; };
		CBAFEF092A76C8B5009DF242 /* OnlineGroceriesSwiftUIApp.swift in Sources */ = {isa = PBXBuildFile; fileRef = CBAFEF082A76C8B5009DF242 /* OnlineGroceriesSwiftUIApp.swift */; };
		CBAFEF0D2A76C8B7009DF242 /* Assets.xcassets in Resources */ = {isa = PBXBuildFile; fileRef = CBAFEF0C2A76C8B7009DF242 /* Assets.xcassets */; };
		CBAFEF102A76C8B7009DF242 /* Preview Assets.xcassets in Resources */ = {isa = PBXBuildFile; fileRef = CBAFEF0F2A76C8B7009DF242 /* Preview Assets.xcassets */; };
		CBAFEF1A2A76C8B8009DF242 /* OnlineGroceriesSwiftUITests.swift in Sources */ = {isa = PBXBuildFile; fileRef = CBAFEF192A76C8B8009DF242 /* OnlineGroceriesSwiftUITests.swift */; };
		CBAFEF242A76C8B8009DF242 /* OnlineGroceriesSwiftUIUITests.swift in Sources */ = {isa = PBXBuildFile; fileRef = CBAFEF232A76C8B8009DF242 /* OnlineGroceriesSwiftUIUITests.swift */; };
		CBAFEF262A76C8B8009DF242 /* OnlineGroceriesSwiftUIUITestsLaunchTests.swift in Sources */ = {isa = PBXBuildFile; fileRef = CBAFEF252A76C8B8009DF242 /* OnlineGroceriesSwiftUIUITestsLaunchTests.swift */; };
		CBAFEF372A76C960009DF242 /* Gilroy-Medium.ttf in Resources */ = {isa = PBXBuildFile; fileRef = CBAFEF332A76C95B009DF242 /* Gilroy-Medium.ttf */; };
		CBAFEF382A76C960009DF242 /* Gilroy-SemiBold.ttf in Resources */ = {isa = PBXBuildFile; fileRef = CBAFEF342A76C95D009DF242 /* Gilroy-SemiBold.ttf */; };
		CBAFEF392A76C960009DF242 /* Gilroy-Bold.ttf in Resources */ = {isa = PBXBuildFile; fileRef = CBAFEF352A76C95E009DF242 /* Gilroy-Bold.ttf */; };
		CBAFEF3A2A76C960009DF242 /* Gilroy-Regular.ttf in Resources */ = {isa = PBXBuildFile; fileRef = CBAFEF362A76C960009DF242 /* Gilroy-Regular.ttf */; };
		CBAFEF422A76CA29009DF242 /* WelcomeView.swift in Sources */ = {isa = PBXBuildFile; fileRef = CBAFEF412A76CA29009DF242 /* WelcomeView.swift */; };
		CBAFEF442A76CB00009DF242 /* Launch Screen.storyboard in Resources */ = {isa = PBXBuildFile; fileRef = CBAFEF432A76CB00009DF242 /* Launch Screen.storyboard */; };
		CBAFEF462A76CC18009DF242 /* UIExtension.swift in Sources */ = {isa = PBXBuildFile; fileRef = CBAFEF452A76CC18009DF242 /* UIExtension.swift */; };
		CBB36EB62A8752D200AE60DA /* PaymentViewModel.swift in Sources */ = {isa = PBXBuildFile; fileRef = CBB36EB52A8752D200AE60DA /* PaymentViewModel.swift */; };
		CBB36EB82A8752E500AE60DA /* PaymentModel.swift in Sources */ = {isa = PBXBuildFile; fileRef = CBB36EB72A8752E500AE60DA /* PaymentModel.swift */; };
		CBB36EBA2A8754AB00AE60DA /* PaymentMethodsView.swift in Sources */ = {isa = PBXBuildFile; fileRef = CBB36EB92A8754AB00AE60DA /* PaymentMethodsView.swift */; };
		CBB36EBC2A87581B00AE60DA /* AddPaymentMethodView.swift in Sources */ = {isa = PBXBuildFile; fileRef = CBB36EBB2A87581B00AE60DA /* AddPaymentMethodView.swift */; };
		CBC6D4912A801B7300BAA917 /* ExploreViewModel.swift in Sources */ = {isa = PBXBuildFile; fileRef = CBC6D4902A801B7300BAA917 /* ExploreViewModel.swift */; };
		CBC6D4952A801BCA00BAA917 /* ExploreCategoryModel.swift in Sources */ = {isa = PBXBuildFile; fileRef = CBC6D4942A801BCA00BAA917 /* ExploreCategoryModel.swift */; };
		CBC6D4972A801DCB00BAA917 /* ExploreCategoryCell.swift in Sources */ = {isa = PBXBuildFile; fileRef = CBC6D4962A801DCB00BAA917 /* ExploreCategoryCell.swift */; };
		CBC6D4992A80209A00BAA917 /* ExploreItemViewModel.swift in Sources */ = {isa = PBXBuildFile; fileRef = CBC6D4982A80209A00BAA917 /* ExploreItemViewModel.swift */; };
		CBC6D49B2A80215000BAA917 /* ExploreItemsView.swift in Sources */ = {isa = PBXBuildFile; fileRef = CBC6D49A2A80215000BAA917 /* ExploreItemsView.swift */; };
		CBC71C242A89F8D200862CD1 /* MyOrdersView.swift in Sources */ = {isa = PBXBuildFile; fileRef = CBC71C232A89F8D200862CD1 /* MyOrdersView.swift */; };
		CBC71C262A89F90100862CD1 /* MyOrdersViewModel.swift in Sources */ = {isa = PBXBuildFile; fileRef = CBC71C252A89F90100862CD1 /* MyOrdersViewModel.swift */; };
		CBC71C282A89F97200862CD1 /* MyOrderModel.swift in Sources */ = {isa = PBXBuildFile; fileRef = CBC71C272A89F97200862CD1 /* MyOrderModel.swift */; };
		CBC7477E2A76D29100DD527C /* RoundButton.swift in Sources */ = {isa = PBXBuildFile; fileRef = CBC7477D2A76D29100DD527C /* RoundButton.swift */; };
		CBC747802A76D33400DD527C /* SignInView.swift in Sources */ = {isa = PBXBuildFile; fileRef = CBC7477F2A76D33400DD527C /* SignInView.swift */; };
		CBC747832A76D78200DD527C /* CountryPicker in Frameworks */ = {isa = PBXBuildFile; productRef = CBC747822A76D78200DD527C /* CountryPicker */; };
		CBC747852A76D95500DD527C /* CountryPickerUI.swift in Sources */ = {isa = PBXBuildFile; fileRef = CBC747842A76D95500DD527C /* CountryPickerUI.swift */; };
		CBD6906A2A78F949002EE6D3 /* LoginView.swift in Sources */ = {isa = PBXBuildFile; fileRef = CBD690692A78F949002EE6D3 /* LoginView.swift */; };
		CBD6906C2A78FCA8002EE6D3 /* MainViewModel.swift in Sources */ = {isa = PBXBuildFile; fileRef = CBD6906B2A78FCA8002EE6D3 /* MainViewModel.swift */; };
		CBD6906E2A78FDE1002EE6D3 /* LineTextField.swift in Sources */ = {isa = PBXBuildFile; fileRef = CBD6906D2A78FDE1002EE6D3 /* LineTextField.swift */; };
		CBD690702A7904B8002EE6D3 /* ServiceCall.swift in Sources */ = {isa = PBXBuildFile; fileRef = CBD6906F2A7904B8002EE6D3 /* ServiceCall.swift */; };
		CBD690722A790935002EE6D3 /* Globs.swift in Sources */ = {isa = PBXBuildFile; fileRef = CBD690712A790935002EE6D3 /* Globs.swift */; };
		CBD690752A790C7B002EE6D3 /* UIKitExtension.swift in Sources */ = {isa = PBXBuildFile; fileRef = CBD690742A790C7B002EE6D3 /* UIKitExtension.swift */; };
		CBE476BD2A7FC08400AF4C53 /* FavouriteView.swift in Sources */ = {isa = PBXBuildFile; fileRef = CBE476BC2A7FC08400AF4C53 /* FavouriteView.swift */; };
		CBE476BF2A7FC18900AF4C53 /* FavouriteViewModel.swift in Sources */ = {isa = PBXBuildFile; fileRef = CBE476BE2A7FC18900AF4C53 /* FavouriteViewModel.swift */; };
		CBE476C12A7FC48A00AF4C53 /* FavouriteRow.swift in Sources */ = {isa = PBXBuildFile; fileRef = CBE476C02A7FC48A00AF4C53 /* FavouriteRow.swift */; };
		CBEC7E262A8605A000D41C37 /* PromoCodeViewModel.swift in Sources */ = {isa = PBXBuildFile; fileRef = CBEC7E252A86059F00D41C37 /* PromoCodeViewModel.swift */; };
		CBEC7E282A86061E00D41C37 /* PromoCodeModel.swift in Sources */ = {isa = PBXBuildFile; fileRef = CBEC7E272A86061E00D41C37 /* PromoCodeModel.swift */; };
		CBEC7E2A2A86076500D41C37 /* PromoCodeView.swift in Sources */ = {isa = PBXBuildFile; fileRef = CBEC7E292A86076500D41C37 /* PromoCodeView.swift */; };
		CBFE45EA2AB8192600751656 /* OTPTextField.swift in Sources */ = {isa = PBXBuildFile; fileRef = CBFE45E92AB8192600751656 /* OTPTextField.swift */; };
/* End PBXBuildFile section */

/* Begin PBXContainerItemProxy section */
		CBAFEF162A76C8B8009DF242 /* PBXContainerItemProxy */ = {
			isa = PBXContainerItemProxy;
			containerPortal = CBAFEEFD2A76C8B4009DF242 /* Project object */;
			proxyType = 1;
			remoteGlobalIDString = CBAFEF042A76C8B5009DF242;
			remoteInfo = OnlineGroceriesSwiftUI;
		};
		CBAFEF202A76C8B8009DF242 /* PBXContainerItemProxy */ = {
			isa = PBXContainerItemProxy;
			containerPortal = CBAFEEFD2A76C8B4009DF242 /* Project object */;
			proxyType = 1;
			remoteGlobalIDString = CBAFEF042A76C8B5009DF242;
			remoteInfo = OnlineGroceriesSwiftUI;
		};
/* End PBXContainerItemProxy section */

/* Begin PBXFileReference section */
		CB00AD6F2A7B7A7D009091ED /* SearchTextField.swift */ = {isa = PBXFileReference; lastKnownFileType = sourcecode.swift; path = SearchTextField.swift; sourceTree = "<group>"; };
		CB00AD712A7B7D6E009091ED /* SectionTitleAll.swift */ = {isa = PBXFileReference; lastKnownFileType = sourcecode.swift; path = SectionTitleAll.swift; sourceTree = "<group>"; };
		CB00AD732A7B806D009091ED /* ProductCell.swift */ = {isa = PBXFileReference; lastKnownFileType = sourcecode.swift; path = ProductCell.swift; sourceTree = "<group>"; };
		CB00AD752A7B8476009091ED /* CategoryCell.swift */ = {isa = PBXFileReference; lastKnownFileType = sourcecode.swift; path = CategoryCell.swift; sourceTree = "<group>"; };
		CB0491BA2A89F44900720BC3 /* OrderAccpetView.swift */ = {isa = PBXFileReference; lastKnownFileType = sourcecode.swift; path = OrderAccpetView.swift; sourceTree = "<group>"; };
		CB05BDE92A7A1C5800A3BAAB /* SignUpView.swift */ = {isa = PBXFileReference; lastKnownFileType = sourcecode.swift; path = SignUpView.swift; sourceTree = "<group>"; };
		CB05BDEB2A7A21F900A3BAAB /* UserModel.swift */ = {isa = PBXFileReference; lastKnownFileType = sourcecode.swift; path = UserModel.swift; sourceTree = "<group>"; };
		CB05BDEE2A7A270100A3BAAB /* MainTabView.swift */ = {isa = PBXFileReference; lastKnownFileType = sourcecode.swift; path = MainTabView.swift; sourceTree = "<group>"; };
		CB13E6502C2F2534002A6D70 /* TextArea.swift */ = {isa = PBXFileReference; lastKnownFileType = sourcecode.swift; path = TextArea.swift; sourceTree = "<group>"; };
		CB13E6522C2F3641002A6D70 /* WriteReviewView.swift */ = {isa = PBXFileReference; lastKnownFileType = sourcecode.swift; path = WriteReviewView.swift; sourceTree = "<group>"; };
		CB165DB02A7B578100A672DE /* HomeViewModel.swift */ = {isa = PBXFileReference; lastKnownFileType = sourcecode.swift; path = HomeViewModel.swift; sourceTree = "<group>"; };
		CB165DB32A7B583B00A672DE /* HomeView.swift */ = {isa = PBXFileReference; lastKnownFileType = sourcecode.swift; path = HomeView.swift; sourceTree = "<group>"; };
		CB165DB72A7B58C100A672DE /* ExploreView.swift */ = {isa = PBXFileReference; lastKnownFileType = sourcecode.swift; path = ExploreView.swift; sourceTree = "<group>"; };
		CB165DBB2A7B5FAF00A672DE /* TabButton.swift */ = {isa = PBXFileReference; lastKnownFileType = sourcecode.swift; path = TabButton.swift; sourceTree = "<group>"; };
		CB448CA72A88895E00CB9DA3 /* CheckoutView.swift */ = {isa = PBXFileReference; lastKnownFileType = sourcecode.swift; path = CheckoutView.swift; sourceTree = "<group>"; };
		CB6C332E2A7CB279007CECA2 /* ProductModel.swift */ = {isa = PBXFileReference; lastKnownFileType = sourcecode.swift; path = ProductModel.swift; sourceTree = "<group>"; };
		CB6C33302A7CB71C007CECA2 /* TypeModel.swift */ = {isa = PBXFileReference; lastKnownFileType = sourcecode.swift; path = TypeModel.swift; sourceTree = "<group>"; };
		CB7C294E2A8358BE00A1E404 /* AccountView.swift */ = {isa = PBXFileReference; lastKnownFileType = sourcecode.swift; path = AccountView.swift; sourceTree = "<group>"; };
		CB7C29502A835FC600A1E404 /* AccountRow.swift */ = {isa = PBXFileReference; lastKnownFileType = sourcecode.swift; path = AccountRow.swift; sourceTree = "<group>"; };
		CB7C29522A83618800A1E404 /* DelieryAddressView.swift */ = {isa = PBXFileReference; lastKnownFileType = sourcecode.swift; path = DelieryAddressView.swift; sourceTree = "<group>"; };
		CB7C29542A83630400A1E404 /* DeliveryAddressViewModel.swift */ = {isa = PBXFileReference; lastKnownFileType = sourcecode.swift; path = DeliveryAddressViewModel.swift; sourceTree = "<group>"; };
		CB7C29562A83633700A1E404 /* AddressModel.swift */ = {isa = PBXFileReference; lastKnownFileType = sourcecode.swift; path = AddressModel.swift; sourceTree = "<group>"; };
		CB7EB1652A84AF4C00AF6806 /* AddDeliveryAddressView.swift */ = {isa = PBXFileReference; lastKnownFileType = sourcecode.swift; path = AddDeliveryAddressView.swift; sourceTree = "<group>"; };
		CB7EF4F32A7E66B000DA6DA6 /* ProductDetailView.swift */ = {isa = PBXFileReference; lastKnownFileType = sourcecode.swift; path = ProductDetailView.swift; sourceTree = "<group>"; };
		CB7EF4F52A7E678100DA6DA6 /* ProductDetailViewModel.swift */ = {isa = PBXFileReference; lastKnownFileType = sourcecode.swift; path = ProductDetailViewModel.swift; sourceTree = "<group>"; };
		CB7EF4F72A7E680C00DA6DA6 /* NutritionModel.swift */ = {isa = PBXFileReference; lastKnownFileType = sourcecode.swift; path = NutritionModel.swift; sourceTree = "<group>"; };
		CB7EF4F92A7E686400DA6DA6 /* ImageModel.swift */ = {isa = PBXFileReference; lastKnownFileType = sourcecode.swift; path = ImageModel.swift; sourceTree = "<group>"; };
		CB81AA832A8BF3B50069CA84 /* NotificationViewModel.swift */ = {isa = PBXFileReference; lastKnownFileType = sourcecode.swift; path = NotificationViewModel.swift; sourceTree = "<group>"; };
		CB81AA852A8BF4310069CA84 /* NotificationModel.swift */ = {isa = PBXFileReference; lastKnownFileType = sourcecode.swift; path = NotificationModel.swift; sourceTree = "<group>"; };
		CB81AA872A8BF51A0069CA84 /* NotificationView.swift */ = {isa = PBXFileReference; lastKnownFileType = sourcecode.swift; path = NotificationView.swift; sourceTree = "<group>"; };
		CB81AA892A8BF77D0069CA84 /* MyDetailsViewModel.swift */ = {isa = PBXFileReference; lastKnownFileType = sourcecode.swift; path = MyDetailsViewModel.swift; sourceTree = "<group>"; };
		CB81AA8B2A8BF9D00069CA84 /* MyDetailsView.swift */ = {isa = PBXFileReference; lastKnownFileType = sourcecode.swift; path = MyDetailsView.swift; sourceTree = "<group>"; };
		CB81AA8D2A8BFDA80069CA84 /* ChangePasswordView.swift */ = {isa = PBXFileReference; lastKnownFileType = sourcecode.swift; path = ChangePasswordView.swift; sourceTree = "<group>"; };
		CB8E0E3C2A81FFFE0018A4FF /* CartViewModel.swift */ = {isa = PBXFileReference; lastKnownFileType = sourcecode.swift; path = CartViewModel.swift; sourceTree = "<group>"; };
		CB8E0E3E2A8200BD0018A4FF /* CartItemModel.swift */ = {isa = PBXFileReference; lastKnownFileType = sourcecode.swift; path = CartItemModel.swift; sourceTree = "<group>"; };
		CB8E0E412A82042F0018A4FF /* MyCartView.swift */ = {isa = PBXFileReference; lastKnownFileType = sourcecode.swift; path = MyCartView.swift; sourceTree = "<group>"; };
		CB8E0E432A8204C80018A4FF /* CartItemRow.swift */ = {isa = PBXFileReference; lastKnownFileType = sourcecode.swift; path = CartItemRow.swift; sourceTree = "<group>"; };
		CB94C9A42A8B3774002F1597 /* MyOrderDetailViewModel.swift */ = {isa = PBXFileReference; lastKnownFileType = sourcecode.swift; path = MyOrderDetailViewModel.swift; sourceTree = "<group>"; };
		CB94C9A62A8B3983002F1597 /* MyOrdersDetailView.swift */ = {isa = PBXFileReference; lastKnownFileType = sourcecode.swift; path = MyOrdersDetailView.swift; sourceTree = "<group>"; };
		CB94C9A82A8B3F94002F1597 /* OrderItemRow.swift */ = {isa = PBXFileReference; lastKnownFileType = sourcecode.swift; path = OrderItemRow.swift; sourceTree = "<group>"; };
		CB94C9AA2A8B4490002F1597 /* OrderItemModel.swift */ = {isa = PBXFileReference; lastKnownFileType = sourcecode.swift; path = OrderItemModel.swift; sourceTree = "<group>"; };
		CB9D6EB82A8D41AA00669923 /* ForgotPasswordViewModel.swift */ = {isa = PBXFileReference; lastKnownFileType = sourcecode.swift; path = ForgotPasswordViewModel.swift; sourceTree = "<group>"; };
		CB9D6EBA2A8D43ED00669923 /* ForgotPasswordView.swift */ = {isa = PBXFileReference; lastKnownFileType = sourcecode.swift; path = ForgotPasswordView.swift; sourceTree = "<group>"; };
		CB9D6EBC2A8D449A00669923 /* OTPView.swift */ = {isa = PBXFileReference; lastKnownFileType = sourcecode.swift; path = OTPView.swift; sourceTree = "<group>"; };
		CB9D6EBE2A8D46FB00669923 /* ForgotPasswordSetView.swift */ = {isa = PBXFileReference; lastKnownFileType = sourcecode.swift; path = ForgotPasswordSetView.swift; sourceTree = "<group>"; };
		CBAFEF052A76C8B5009DF242 /* OnlineGroceriesSwiftUI.app */ = {isa = PBXFileReference; explicitFileType = wrapper.application; includeInIndex = 0; path = OnlineGroceriesSwiftUI.app; sourceTree = BUILT_PRODUCTS_DIR; };
		CBAFEF082A76C8B5009DF242 /* OnlineGroceriesSwiftUIApp.swift */ = {isa = PBXFileReference; lastKnownFileType = sourcecode.swift; path = OnlineGroceriesSwiftUIApp.swift; sourceTree = "<group>"; };
		CBAFEF0C2A76C8B7009DF242 /* Assets.xcassets */ = {isa = PBXFileReference; lastKnownFileType = folder.assetcatalog; path = Assets.xcassets; sourceTree = "<group>"; };
		CBAFEF0F2A76C8B7009DF242 /* Preview Assets.xcassets */ = {isa = PBXFileReference; lastKnownFileType = folder.assetcatalog; path = "Preview Assets.xcassets"; sourceTree = "<group>"; };
		CBAFEF152A76C8B8009DF242 /* OnlineGroceriesSwiftUITests.xctest */ = {isa = PBXFileReference; explicitFileType = wrapper.cfbundle; includeInIndex = 0; path = OnlineGroceriesSwiftUITests.xctest; sourceTree = BUILT_PRODUCTS_DIR; };
		CBAFEF192A76C8B8009DF242 /* OnlineGroceriesSwiftUITests.swift */ = {isa = PBXFileReference; lastKnownFileType = sourcecode.swift; path = OnlineGroceriesSwiftUITests.swift; sourceTree = "<group>"; };
		CBAFEF1F2A76C8B8009DF242 /* OnlineGroceriesSwiftUIUITests.xctest */ = {isa = PBXFileReference; explicitFileType = wrapper.cfbundle; includeInIndex = 0; path = OnlineGroceriesSwiftUIUITests.xctest; sourceTree = BUILT_PRODUCTS_DIR; };
		CBAFEF232A76C8B8009DF242 /* OnlineGroceriesSwiftUIUITests.swift */ = {isa = PBXFileReference; lastKnownFileType = sourcecode.swift; path = OnlineGroceriesSwiftUIUITests.swift; sourceTree = "<group>"; };
		CBAFEF252A76C8B8009DF242 /* OnlineGroceriesSwiftUIUITestsLaunchTests.swift */ = {isa = PBXFileReference; lastKnownFileType = sourcecode.swift; path = OnlineGroceriesSwiftUIUITestsLaunchTests.swift; sourceTree = "<group>"; };
		CBAFEF332A76C95B009DF242 /* Gilroy-Medium.ttf */ = {isa = PBXFileReference; lastKnownFileType = file; name = "Gilroy-Medium.ttf"; path = "OnlineGroceriesSwiftUI/Gilroy-Medium.ttf"; sourceTree = SOURCE_ROOT; };
		CBAFEF342A76C95D009DF242 /* Gilroy-SemiBold.ttf */ = {isa = PBXFileReference; lastKnownFileType = file; path = "Gilroy-SemiBold.ttf"; sourceTree = "<group>"; };
		CBAFEF352A76C95E009DF242 /* Gilroy-Bold.ttf */ = {isa = PBXFileReference; lastKnownFileType = file; path = "Gilroy-Bold.ttf"; sourceTree = "<group>"; };
		CBAFEF362A76C960009DF242 /* Gilroy-Regular.ttf */ = {isa = PBXFileReference; lastKnownFileType = file; path = "Gilroy-Regular.ttf"; sourceTree = "<group>"; };
		CBAFEF3B2A76C97B009DF242 /* Info.plist */ = {isa = PBXFileReference; lastKnownFileType = text.plist; path = Info.plist; sourceTree = "<group>"; };
		CBAFEF412A76CA29009DF242 /* WelcomeView.swift */ = {isa = PBXFileReference; lastKnownFileType = sourcecode.swift; path = WelcomeView.swift; sourceTree = "<group>"; };
		CBAFEF432A76CB00009DF242 /* Launch Screen.storyboard */ = {isa = PBXFileReference; lastKnownFileType = file.storyboard; path = "Launch Screen.storyboard"; sourceTree = "<group>"; };
		CBAFEF452A76CC18009DF242 /* UIExtension.swift */ = {isa = PBXFileReference; lastKnownFileType = sourcecode.swift; path = UIExtension.swift; sourceTree = "<group>"; };
		CBB36EB52A8752D200AE60DA /* PaymentViewModel.swift */ = {isa = PBXFileReference; lastKnownFileType = sourcecode.swift; path = PaymentViewModel.swift; sourceTree = "<group>"; };
		CBB36EB72A8752E500AE60DA /* PaymentModel.swift */ = {isa = PBXFileReference; lastKnownFileType = sourcecode.swift; path = PaymentModel.swift; sourceTree = "<group>"; };
		CBB36EB92A8754AB00AE60DA /* PaymentMethodsView.swift */ = {isa = PBXFileReference; lastKnownFileType = sourcecode.swift; path = PaymentMethodsView.swift; sourceTree = "<group>"; };
		CBB36EBB2A87581B00AE60DA /* AddPaymentMethodView.swift */ = {isa = PBXFileReference; lastKnownFileType = sourcecode.swift; path = AddPaymentMethodView.swift; sourceTree = "<group>"; };
		CBC6D4902A801B7300BAA917 /* ExploreViewModel.swift */ = {isa = PBXFileReference; lastKnownFileType = sourcecode.swift; path = ExploreViewModel.swift; sourceTree = "<group>"; };
		CBC6D4942A801BCA00BAA917 /* ExploreCategoryModel.swift */ = {isa = PBXFileReference; lastKnownFileType = sourcecode.swift; path = ExploreCategoryModel.swift; sourceTree = "<group>"; };
		CBC6D4962A801DCB00BAA917 /* ExploreCategoryCell.swift */ = {isa = PBXFileReference; lastKnownFileType = sourcecode.swift; path = ExploreCategoryCell.swift; sourceTree = "<group>"; };
		CBC6D4982A80209A00BAA917 /* ExploreItemViewModel.swift */ = {isa = PBXFileReference; lastKnownFileType = sourcecode.swift; path = ExploreItemViewModel.swift; sourceTree = "<group>"; };
		CBC6D49A2A80215000BAA917 /* ExploreItemsView.swift */ = {isa = PBXFileReference; lastKnownFileType = sourcecode.swift; path = ExploreItemsView.swift; sourceTree = "<group>"; };
		CBC71C232A89F8D200862CD1 /* MyOrdersView.swift */ = {isa = PBXFileReference; lastKnownFileType = sourcecode.swift; path = MyOrdersView.swift; sourceTree = "<group>"; };
		CBC71C252A89F90100862CD1 /* MyOrdersViewModel.swift */ = {isa = PBXFileReference; lastKnownFileType = sourcecode.swift; path = MyOrdersViewModel.swift; sourceTree = "<group>"; };
		CBC71C272A89F97200862CD1 /* MyOrderModel.swift */ = {isa = PBXFileReference; lastKnownFileType = sourcecode.swift; path = MyOrderModel.swift; sourceTree = "<group>"; };
		CBC7477D2A76D29100DD527C /* RoundButton.swift */ = {isa = PBXFileReference; lastKnownFileType = sourcecode.swift; path = RoundButton.swift; sourceTree = "<group>"; };
		CBC7477F2A76D33400DD527C /* SignInView.swift */ = {isa = PBXFileReference; lastKnownFileType = sourcecode.swift; path = SignInView.swift; sourceTree = "<group>"; };
		CBC747842A76D95500DD527C /* CountryPickerUI.swift */ = {isa = PBXFileReference; lastKnownFileType = sourcecode.swift; path = CountryPickerUI.swift; sourceTree = "<group>"; };
		CBD690692A78F949002EE6D3 /* LoginView.swift */ = {isa = PBXFileReference; lastKnownFileType = sourcecode.swift; path = LoginView.swift; sourceTree = "<group>"; };
		CBD6906B2A78FCA8002EE6D3 /* MainViewModel.swift */ = {isa = PBXFileReference; lastKnownFileType = sourcecode.swift; path = MainViewModel.swift; sourceTree = "<group>"; };
		CBD6906D2A78FDE1002EE6D3 /* LineTextField.swift */ = {isa = PBXFileReference; lastKnownFileType = sourcecode.swift; path = LineTextField.swift; sourceTree = "<group>"; };
		CBD6906F2A7904B8002EE6D3 /* ServiceCall.swift */ = {isa = PBXFileReference; lastKnownFileType = sourcecode.swift; path = ServiceCall.swift; sourceTree = "<group>"; };
		CBD690712A790935002EE6D3 /* Globs.swift */ = {isa = PBXFileReference; lastKnownFileType = sourcecode.swift; path = Globs.swift; sourceTree = "<group>"; };
		CBD690742A790C7B002EE6D3 /* UIKitExtension.swift */ = {isa = PBXFileReference; lastKnownFileType = sourcecode.swift; path = UIKitExtension.swift; sourceTree = "<group>"; };
		CBE476BC2A7FC08400AF4C53 /* FavouriteView.swift */ = {isa = PBXFileReference; lastKnownFileType = sourcecode.swift; path = FavouriteView.swift; sourceTree = "<group>"; };
		CBE476BE2A7FC18900AF4C53 /* FavouriteViewModel.swift */ = {isa = PBXFileReference; lastKnownFileType = sourcecode.swift; path = FavouriteViewModel.swift; sourceTree = "<group>"; };
		CBE476C02A7FC48A00AF4C53 /* FavouriteRow.swift */ = {isa = PBXFileReference; lastKnownFileType = sourcecode.swift; path = FavouriteRow.swift; sourceTree = "<group>"; };
		CBEC7E252A86059F00D41C37 /* PromoCodeViewModel.swift */ = {isa = PBXFileReference; lastKnownFileType = sourcecode.swift; path = PromoCodeViewModel.swift; sourceTree = "<group>"; };
		CBEC7E272A86061E00D41C37 /* PromoCodeModel.swift */ = {isa = PBXFileReference; lastKnownFileType = sourcecode.swift; path = PromoCodeModel.swift; sourceTree = "<group>"; };
		CBEC7E292A86076500D41C37 /* PromoCodeView.swift */ = {isa = PBXFileReference; lastKnownFileType = sourcecode.swift; path = PromoCodeView.swift; sourceTree = "<group>"; };
		CBFE45E92AB8192600751656 /* OTPTextField.swift */ = {isa = PBXFileReference; lastKnownFileType = sourcecode.swift; path = OTPTextField.swift; sourceTree = "<group>"; };
/* End PBXFileReference section */

/* Begin PBXFrameworksBuildPhase section */
		CBAFEF022A76C8B5009DF242 /* Frameworks */ = {
			isa = PBXFrameworksBuildPhase;
			buildActionMask = 2147483647;
			files = (
				CB6C33342A7CBA77007CECA2 /* SDWebImageSwiftUI in Frameworks */,
				CBC747832A76D78200DD527C /* CountryPicker in Frameworks */,
			);
			runOnlyForDeploymentPostprocessing = 0;
		};
		CBAFEF122A76C8B8009DF242 /* Frameworks */ = {
			isa = PBXFrameworksBuildPhase;
			buildActionMask = 2147483647;
			files = (
			);
			runOnlyForDeploymentPostprocessing = 0;
		};
		CBAFEF1C2A76C8B8009DF242 /* Frameworks */ = {
			isa = PBXFrameworksBuildPhase;
			buildActionMask = 2147483647;
			files = (
			);
			runOnlyForDeploymentPostprocessing = 0;
		};
/* End PBXFrameworksBuildPhase section */

/* Begin PBXGroup section */
		CB05BDED2A7A26EC00A3BAAB /* MainTab */ = {
			isa = PBXGroup;
			children = (
				CB05BDEE2A7A270100A3BAAB /* MainTabView.swift */,
			);
			path = MainTab;
			sourceTree = "<group>";
		};
		CB165DB22A7B582D00A672DE /* Home */ = {
			isa = PBXGroup;
			children = (
				CB165DB32A7B583B00A672DE /* HomeView.swift */,
				CB7EF4F32A7E66B000DA6DA6 /* ProductDetailView.swift */,
			);
			path = Home;
			sourceTree = "<group>";
		};
		CB165DB62A7B58B000A672DE /* Explore */ = {
			isa = PBXGroup;
			children = (
				CB165DB72A7B58C100A672DE /* ExploreView.swift */,
				CBC6D49A2A80215000BAA917 /* ExploreItemsView.swift */,
			);
			path = Explore;
			sourceTree = "<group>";
		};
		CB7C294D2A8358AA00A1E404 /* Account */ = {
			isa = PBXGroup;
			children = (
				CB7C294E2A8358BE00A1E404 /* AccountView.swift */,
				CB7C29522A83618800A1E404 /* DelieryAddressView.swift */,
				CB7EB1652A84AF4C00AF6806 /* AddDeliveryAddressView.swift */,
				CBEC7E292A86076500D41C37 /* PromoCodeView.swift */,
				CBB36EB92A8754AB00AE60DA /* PaymentMethodsView.swift */,
				CBB36EBB2A87581B00AE60DA /* AddPaymentMethodView.swift */,
				CBC71C232A89F8D200862CD1 /* MyOrdersView.swift */,
				CB94C9A62A8B3983002F1597 /* MyOrdersDetailView.swift */,
				CB81AA872A8BF51A0069CA84 /* NotificationView.swift */,
				CB81AA8B2A8BF9D00069CA84 /* MyDetailsView.swift */,
				CB81AA8D2A8BFDA80069CA84 /* ChangePasswordView.swift */,
				CB13E6522C2F3641002A6D70 /* WriteReviewView.swift */,
			);
			path = Account;
			sourceTree = "<group>";
		};
		CB8E0E402A8204200018A4FF /* Cart */ = {
			isa = PBXGroup;
			children = (
				CB8E0E412A82042F0018A4FF /* MyCartView.swift */,
				CB448CA72A88895E00CB9DA3 /* CheckoutView.swift */,
				CB0491BA2A89F44900720BC3 /* OrderAccpetView.swift */,
			);
			path = Cart;
			sourceTree = "<group>";
		};
		CBAFEEFC2A76C8B4009DF242 = {
			isa = PBXGroup;
			children = (
				CBAFEF072A76C8B5009DF242 /* OnlineGroceriesSwiftUI */,
				CBAFEF182A76C8B8009DF242 /* OnlineGroceriesSwiftUITests */,
				CBAFEF222A76C8B8009DF242 /* OnlineGroceriesSwiftUIUITests */,
				CBAFEF062A76C8B5009DF242 /* Products */,
			);
			sourceTree = "<group>";
		};
		CBAFEF062A76C8B5009DF242 /* Products */ = {
			isa = PBXGroup;
			children = (
				CBAFEF052A76C8B5009DF242 /* OnlineGroceriesSwiftUI.app */,
				CBAFEF152A76C8B8009DF242 /* OnlineGroceriesSwiftUITests.xctest */,
				CBAFEF1F2A76C8B8009DF242 /* OnlineGroceriesSwiftUIUITests.xctest */,
			);
			name = Products;
			sourceTree = "<group>";
		};
		CBAFEF072A76C8B5009DF242 /* OnlineGroceriesSwiftUI */ = {
			isa = PBXGroup;
			children = (
				CBD690732A790C49002EE6D3 /* Common */,
				CBAFEF3F2A76C9E7009DF242 /* UICommon */,
				CBAFEF3E2A76C9C9009DF242 /* ViewModel */,
				CBAFEF3D2A76C9C2009DF242 /* Model */,
				CBAFEF3C2A76C9BC009DF242 /* View */,
				CBAFEF3B2A76C97B009DF242 /* Info.plist */,
				CBAFEF322A76C91C009DF242 /* Font */,
				CBAFEF082A76C8B5009DF242 /* OnlineGroceriesSwiftUIApp.swift */,
				CBAFEF0C2A76C8B7009DF242 /* Assets.xcassets */,
				CBAFEF0E2A76C8B7009DF242 /* Preview Content */,
				CBAFEF432A76CB00009DF242 /* Launch Screen.storyboard */,
			);
			path = OnlineGroceriesSwiftUI;
			sourceTree = "<group>";
		};
		CBAFEF0E2A76C8B7009DF242 /* Preview Content */ = {
			isa = PBXGroup;
			children = (
				CBAFEF0F2A76C8B7009DF242 /* Preview Assets.xcassets */,
			);
			path = "Preview Content";
			sourceTree = "<group>";
		};
		CBAFEF182A76C8B8009DF242 /* OnlineGroceriesSwiftUITests */ = {
			isa = PBXGroup;
			children = (
				CBAFEF192A76C8B8009DF242 /* OnlineGroceriesSwiftUITests.swift */,
			);
			path = OnlineGroceriesSwiftUITests;
			sourceTree = "<group>";
		};
		CBAFEF222A76C8B8009DF242 /* OnlineGroceriesSwiftUIUITests */ = {
			isa = PBXGroup;
			children = (
				CBAFEF232A76C8B8009DF242 /* OnlineGroceriesSwiftUIUITests.swift */,
				CBAFEF252A76C8B8009DF242 /* OnlineGroceriesSwiftUIUITestsLaunchTests.swift */,
			);
			path = OnlineGroceriesSwiftUIUITests;
			sourceTree = "<group>";
		};
		CBAFEF322A76C91C009DF242 /* Font */ = {
			isa = PBXGroup;
			children = (
				CBAFEF352A76C95E009DF242 /* Gilroy-Bold.ttf */,
				CBAFEF332A76C95B009DF242 /* Gilroy-Medium.ttf */,
				CBAFEF362A76C960009DF242 /* Gilroy-Regular.ttf */,
				CBAFEF342A76C95D009DF242 /* Gilroy-SemiBold.ttf */,
			);
			name = Font;
			path = "New Group";
			sourceTree = "<group>";
		};
		CBAFEF3C2A76C9BC009DF242 /* View */ = {
			isa = PBXGroup;
			children = (
				CB7C294D2A8358AA00A1E404 /* Account */,
				CB8E0E402A8204200018A4FF /* Cart */,
				CBE476BB2A7FC06300AF4C53 /* Favourite */,
				CB165DB62A7B58B000A672DE /* Explore */,
				CB165DB22A7B582D00A672DE /* Home */,
				CB05BDED2A7A26EC00A3BAAB /* MainTab */,
				CBAFEF402A76CA11009DF242 /* Login */,
			);
			path = View;
			sourceTree = "<group>";
		};
		CBAFEF3D2A76C9C2009DF242 /* Model */ = {
			isa = PBXGroup;
			children = (
				CB05BDEB2A7A21F900A3BAAB /* UserModel.swift */,
				CB6C332E2A7CB279007CECA2 /* ProductModel.swift */,
				CB6C33302A7CB71C007CECA2 /* TypeModel.swift */,
				CB7EF4F72A7E680C00DA6DA6 /* NutritionModel.swift */,
				CB7EF4F92A7E686400DA6DA6 /* ImageModel.swift */,
				CBC6D4942A801BCA00BAA917 /* ExploreCategoryModel.swift */,
				CB8E0E3E2A8200BD0018A4FF /* CartItemModel.swift */,
				CB7C29562A83633700A1E404 /* AddressModel.swift */,
				CBEC7E272A86061E00D41C37 /* PromoCodeModel.swift */,
				CBB36EB72A8752E500AE60DA /* PaymentModel.swift */,
				CBC71C272A89F97200862CD1 /* MyOrderModel.swift */,
				CB94C9AA2A8B4490002F1597 /* OrderItemModel.swift */,
				CB81AA852A8BF4310069CA84 /* NotificationModel.swift */,
			);
			path = Model;
			sourceTree = "<group>";
		};
		CBAFEF3E2A76C9C9009DF242 /* ViewModel */ = {
			isa = PBXGroup;
			children = (
				CBD6906B2A78FCA8002EE6D3 /* MainViewModel.swift */,
				CB165DB02A7B578100A672DE /* HomeViewModel.swift */,
				CB7EF4F52A7E678100DA6DA6 /* ProductDetailViewModel.swift */,
				CBE476BE2A7FC18900AF4C53 /* FavouriteViewModel.swift */,
				CBC6D4902A801B7300BAA917 /* ExploreViewModel.swift */,
				CBC6D4982A80209A00BAA917 /* ExploreItemViewModel.swift */,
				CB8E0E3C2A81FFFE0018A4FF /* CartViewModel.swift */,
				CB7C29542A83630400A1E404 /* DeliveryAddressViewModel.swift */,
				CBEC7E252A86059F00D41C37 /* PromoCodeViewModel.swift */,
				CBB36EB52A8752D200AE60DA /* PaymentViewModel.swift */,
				CBC71C252A89F90100862CD1 /* MyOrdersViewModel.swift */,
				CB94C9A42A8B3774002F1597 /* MyOrderDetailViewModel.swift */,
				CB81AA832A8BF3B50069CA84 /* NotificationViewModel.swift */,
				CB81AA892A8BF77D0069CA84 /* MyDetailsViewModel.swift */,
				CB9D6EB82A8D41AA00669923 /* ForgotPasswordViewModel.swift */,
			);
			path = ViewModel;
			sourceTree = "<group>";
		};
		CBAFEF3F2A76C9E7009DF242 /* UICommon */ = {
			isa = PBXGroup;
			children = (
				CBAFEF452A76CC18009DF242 /* UIExtension.swift */,
				CBC7477D2A76D29100DD527C /* RoundButton.swift */,
				CBC747842A76D95500DD527C /* CountryPickerUI.swift */,
				CBD6906D2A78FDE1002EE6D3 /* LineTextField.swift */,
				CBFE45E92AB8192600751656 /* OTPTextField.swift */,
				CBD6906F2A7904B8002EE6D3 /* ServiceCall.swift */,
				CBD690712A790935002EE6D3 /* Globs.swift */,
				CB165DBB2A7B5FAF00A672DE /* TabButton.swift */,
				CB00AD6F2A7B7A7D009091ED /* SearchTextField.swift */,
				CB00AD712A7B7D6E009091ED /* SectionTitleAll.swift */,
				CB00AD732A7B806D009091ED /* ProductCell.swift */,
				CB00AD752A7B8476009091ED /* CategoryCell.swift */,
				CBE476C02A7FC48A00AF4C53 /* FavouriteRow.swift */,
				CBC6D4962A801DCB00BAA917 /* ExploreCategoryCell.swift */,
				CB8E0E432A8204C80018A4FF /* CartItemRow.swift */,
				CB7C29502A835FC600A1E404 /* AccountRow.swift */,
				CB94C9A82A8B3F94002F1597 /* OrderItemRow.swift */,
				CB13E6502C2F2534002A6D70 /* TextArea.swift */,
			);
			path = UICommon;
			sourceTree = "<group>";
		};
		CBAFEF402A76CA11009DF242 /* Login */ = {
			isa = PBXGroup;
			children = (
				CBAFEF412A76CA29009DF242 /* WelcomeView.swift */,
				CBC7477F2A76D33400DD527C /* SignInView.swift */,
				CBD690692A78F949002EE6D3 /* LoginView.swift */,
				CB05BDE92A7A1C5800A3BAAB /* SignUpView.swift */,
				CB9D6EBA2A8D43ED00669923 /* ForgotPasswordView.swift */,
				CB9D6EBC2A8D449A00669923 /* OTPView.swift */,
				CB9D6EBE2A8D46FB00669923 /* ForgotPasswordSetView.swift */,
			);
			path = Login;
			sourceTree = "<group>";
		};
		CBD690732A790C49002EE6D3 /* Common */ = {
			isa = PBXGroup;
			children = (
				CBD690742A790C7B002EE6D3 /* UIKitExtension.swift */,
			);
			path = Common;
			sourceTree = "<group>";
		};
		CBE476BB2A7FC06300AF4C53 /* Favourite */ = {
			isa = PBXGroup;
			children = (
				CBE476BC2A7FC08400AF4C53 /* FavouriteView.swift */,
			);
			path = Favourite;
			sourceTree = "<group>";
		};
/* End PBXGroup section */

/* Begin PBXNativeTarget section */
		CBAFEF042A76C8B5009DF242 /* OnlineGroceriesSwiftUI */ = {
			isa = PBXNativeTarget;
			buildConfigurationList = CBAFEF292A76C8B8009DF242 /* Build configuration list for PBXNativeTarget "OnlineGroceriesSwiftUI" */;
			buildPhases = (
				CBAFEF012A76C8B5009DF242 /* Sources */,
				CBAFEF022A76C8B5009DF242 /* Frameworks */,
				CBAFEF032A76C8B5009DF242 /* Resources */,
			);
			buildRules = (
			);
			dependencies = (
			);
			name = OnlineGroceriesSwiftUI;
			packageProductDependencies = (
				CBC747822A76D78200DD527C /* CountryPicker */,
				CB6C33332A7CBA77007CECA2 /* SDWebImageSwiftUI */,
			);
			productName = OnlineGroceriesSwiftUI;
			productReference = CBAFEF052A76C8B5009DF242 /* OnlineGroceriesSwiftUI.app */;
			productType = "com.apple.product-type.application";
		};
		CBAFEF142A76C8B8009DF242 /* OnlineGroceriesSwiftUITests */ = {
			isa = PBXNativeTarget;
			buildConfigurationList = CBAFEF2C2A76C8B8009DF242 /* Build configuration list for PBXNativeTarget "OnlineGroceriesSwiftUITests" */;
			buildPhases = (
				CBAFEF112A76C8B8009DF242 /* Sources */,
				CBAFEF122A76C8B8009DF242 /* Frameworks */,
				CBAFEF132A76C8B8009DF242 /* Resources */,
			);
			buildRules = (
			);
			dependencies = (
				CBAFEF172A76C8B8009DF242 /* PBXTargetDependency */,
			);
			name = OnlineGroceriesSwiftUITests;
			productName = OnlineGroceriesSwiftUITests;
			productReference = CBAFEF152A76C8B8009DF242 /* OnlineGroceriesSwiftUITests.xctest */;
			productType = "com.apple.product-type.bundle.unit-test";
		};
		CBAFEF1E2A76C8B8009DF242 /* OnlineGroceriesSwiftUIUITests */ = {
			isa = PBXNativeTarget;
			buildConfigurationList = CBAFEF2F2A76C8B8009DF242 /* Build configuration list for PBXNativeTarget "OnlineGroceriesSwiftUIUITests" */;
			buildPhases = (
				CBAFEF1B2A76C8B8009DF242 /* Sources */,
				CBAFEF1C2A76C8B8009DF242 /* Frameworks */,
				CBAFEF1D2A76C8B8009DF242 /* Resources */,
			);
			buildRules = (
			);
			dependencies = (
				CBAFEF212A76C8B8009DF242 /* PBXTargetDependency */,
			);
			name = OnlineGroceriesSwiftUIUITests;
			productName = OnlineGroceriesSwiftUIUITests;
			productReference = CBAFEF1F2A76C8B8009DF242 /* OnlineGroceriesSwiftUIUITests.xctest */;
			productType = "com.apple.product-type.bundle.ui-testing";
		};
/* End PBXNativeTarget section */

/* Begin PBXProject section */
		CBAFEEFD2A76C8B4009DF242 /* Project object */ = {
			isa = PBXProject;
			attributes = {
				BuildIndependentTargetsInParallel = 1;
				LastSwiftUpdateCheck = 1430;
				LastUpgradeCheck = 1430;
				TargetAttributes = {
					CBAFEF042A76C8B5009DF242 = {
						CreatedOnToolsVersion = 14.3.1;
					};
					CBAFEF142A76C8B8009DF242 = {
						CreatedOnToolsVersion = 14.3.1;
						TestTargetID = CBAFEF042A76C8B5009DF242;
					};
					CBAFEF1E2A76C8B8009DF242 = {
						CreatedOnToolsVersion = 14.3.1;
						TestTargetID = CBAFEF042A76C8B5009DF242;
					};
				};
			};
			buildConfigurationList = CBAFEF002A76C8B4009DF242 /* Build configuration list for PBXProject "OnlineGroceriesSwiftUI" */;
			compatibilityVersion = "Xcode 14.0";
			developmentRegion = en;
			hasScannedForEncodings = 0;
			knownRegions = (
				en,
				Base,
			);
			mainGroup = CBAFEEFC2A76C8B4009DF242;
			packageReferences = (
				CBC747812A76D78200DD527C /* XCRemoteSwiftPackageReference "CountryPicker" */,
				CB6C33322A7CBA77007CECA2 /* XCRemoteSwiftPackageReference "SDWebImageSwiftUI" */,
			);
			productRefGroup = CBAFEF062A76C8B5009DF242 /* Products */;
			projectDirPath = "";
			projectRoot = "";
			targets = (
				CBAFEF042A76C8B5009DF242 /* OnlineGroceriesSwiftUI */,
				CBAFEF142A76C8B8009DF242 /* OnlineGroceriesSwiftUITests */,
				CBAFEF1E2A76C8B8009DF242 /* OnlineGroceriesSwiftUIUITests */,
			);
		};
/* End PBXProject section */

/* Begin PBXResourcesBuildPhase section */
		CBAFEF032A76C8B5009DF242 /* Resources */ = {
			isa = PBXResourcesBuildPhase;
			buildActionMask = 2147483647;
			files = (
				CBAFEF102A76C8B7009DF242 /* Preview Assets.xcassets in Resources */,
				CBAFEF3A2A76C960009DF242 /* Gilroy-Regular.ttf in Resources */,
				CBAFEF382A76C960009DF242 /* Gilroy-SemiBold.ttf in Resources */,
				CBAFEF392A76C960009DF242 /* Gilroy-Bold.ttf in Resources */,
				CBAFEF372A76C960009DF242 /* Gilroy-Medium.ttf in Resources */,
				CBAFEF0D2A76C8B7009DF242 /* Assets.xcassets in Resources */,
				CBAFEF442A76CB00009DF242 /* Launch Screen.storyboard in Resources */,
			);
			runOnlyForDeploymentPostprocessing = 0;
		};
		CBAFEF132A76C8B8009DF242 /* Resources */ = {
			isa = PBXResourcesBuildPhase;
			buildActionMask = 2147483647;
			files = (
			);
			runOnlyForDeploymentPostprocessing = 0;
		};
		CBAFEF1D2A76C8B8009DF242 /* Resources */ = {
			isa = PBXResourcesBuildPhase;
			buildActionMask = 2147483647;
			files = (
			);
			runOnlyForDeploymentPostprocessing = 0;
		};
/* End PBXResourcesBuildPhase section */

/* Begin PBXSourcesBuildPhase section */
		CBAFEF012A76C8B5009DF242 /* Sources */ = {
			isa = PBXSourcesBuildPhase;
			buildActionMask = 2147483647;
			files = (
				CB00AD762A7B8476009091ED /* CategoryCell.swift in Sources */,
				CBC6D4972A801DCB00BAA917 /* ExploreCategoryCell.swift in Sources */,
				CB7C29572A83633700A1E404 /* AddressModel.swift in Sources */,
				CBC747852A76D95500DD527C /* CountryPickerUI.swift in Sources */,
				CB00AD742A7B806D009091ED /* ProductCell.swift in Sources */,
				CBD6906E2A78FDE1002EE6D3 /* LineTextField.swift in Sources */,
				CBD6906A2A78F949002EE6D3 /* LoginView.swift in Sources */,
				CBEC7E262A8605A000D41C37 /* PromoCodeViewModel.swift in Sources */,
				CB8E0E422A82042F0018A4FF /* MyCartView.swift in Sources */,
				CB165DB12A7B578100A672DE /* HomeViewModel.swift in Sources */,
				CBC6D49B2A80215000BAA917 /* ExploreItemsView.swift in Sources */,
				CBD690722A790935002EE6D3 /* Globs.swift in Sources */,
				CB448CA82A88895E00CB9DA3 /* CheckoutView.swift in Sources */,
				CBC6D4952A801BCA00BAA917 /* ExploreCategoryModel.swift in Sources */,
				CB9D6EBD2A8D449A00669923 /* OTPView.swift in Sources */,
				CB6C33312A7CB71C007CECA2 /* TypeModel.swift in Sources */,
				CB13E6532C2F3641002A6D70 /* WriteReviewView.swift in Sources */,
				CBEC7E282A86061E00D41C37 /* PromoCodeModel.swift in Sources */,
				CB6C332F2A7CB279007CECA2 /* ProductModel.swift in Sources */,
				CB165DB42A7B583B00A672DE /* HomeView.swift in Sources */,
				CB94C9A72A8B3983002F1597 /* MyOrdersDetailView.swift in Sources */,
				CB81AA8E2A8BFDA80069CA84 /* ChangePasswordView.swift in Sources */,
				CBC71C242A89F8D200862CD1 /* MyOrdersView.swift in Sources */,
				CB7C29552A83630400A1E404 /* DeliveryAddressViewModel.swift in Sources */,
				CB8E0E442A8204C80018A4FF /* CartItemRow.swift in Sources */,
				CBE476BF2A7FC18900AF4C53 /* FavouriteViewModel.swift in Sources */,
				CBB36EBC2A87581B00AE60DA /* AddPaymentMethodView.swift in Sources */,
				CB94C9A92A8B3F94002F1597 /* OrderItemRow.swift in Sources */,
				CBC7477E2A76D29100DD527C /* RoundButton.swift in Sources */,
				CB94C9A52A8B3774002F1597 /* MyOrderDetailViewModel.swift in Sources */,
				CBAFEF092A76C8B5009DF242 /* OnlineGroceriesSwiftUIApp.swift in Sources */,
				CB7EB1662A84AF4C00AF6806 /* AddDeliveryAddressView.swift in Sources */,
				CB7C294F2A8358BE00A1E404 /* AccountView.swift in Sources */,
				CBD690752A790C7B002EE6D3 /* UIKitExtension.swift in Sources */,
				CBAFEF462A76CC18009DF242 /* UIExtension.swift in Sources */,
				CBB36EBA2A8754AB00AE60DA /* PaymentMethodsView.swift in Sources */,
				CB81AA8C2A8BF9D00069CA84 /* MyDetailsView.swift in Sources */,
				CB165DB82A7B58C100A672DE /* ExploreView.swift in Sources */,
				CB05BDEC2A7A21F900A3BAAB /* UserModel.swift in Sources */,
				CBB36EB82A8752E500AE60DA /* PaymentModel.swift in Sources */,
				CBB36EB62A8752D200AE60DA /* PaymentViewModel.swift in Sources */,
				CBC6D4992A80209A00BAA917 /* ExploreItemViewModel.swift in Sources */,
				CB165DBC2A7B5FAF00A672DE /* TabButton.swift in Sources */,
				CB8E0E3D2A81FFFE0018A4FF /* CartViewModel.swift in Sources */,
				CB05BDEA2A7A1C5800A3BAAB /* SignUpView.swift in Sources */,
				CB9D6EBF2A8D46FB00669923 /* ForgotPasswordSetView.swift in Sources */,
				CB81AA842A8BF3B50069CA84 /* NotificationViewModel.swift in Sources */,
				CBAFEF422A76CA29009DF242 /* WelcomeView.swift in Sources */,
				CB7C29512A835FC600A1E404 /* AccountRow.swift in Sources */,
				CB7EF4FA2A7E686400DA6DA6 /* ImageModel.swift in Sources */,
				CB00AD722A7B7D6E009091ED /* SectionTitleAll.swift in Sources */,
				CB7EF4F82A7E680C00DA6DA6 /* NutritionModel.swift in Sources */,
				CB81AA882A8BF51A0069CA84 /* NotificationView.swift in Sources */,
				CBE476BD2A7FC08400AF4C53 /* FavouriteView.swift in Sources */,
				CB81AA862A8BF4310069CA84 /* NotificationModel.swift in Sources */,
				CB00AD702A7B7A7D009091ED /* SearchTextField.swift in Sources */,
				CBD690702A7904B8002EE6D3 /* ServiceCall.swift in Sources */,
				CBC71C282A89F97200862CD1 /* MyOrderModel.swift in Sources */,
				CBE476C12A7FC48A00AF4C53 /* FavouriteRow.swift in Sources */,
				CBEC7E2A2A86076500D41C37 /* PromoCodeView.swift in Sources */,
				CB13E6512C2F2534002A6D70 /* TextArea.swift in Sources */,
				CB94C9AB2A8B4490002F1597 /* OrderItemModel.swift in Sources */,
				CB8E0E3F2A8200BD0018A4FF /* CartItemModel.swift in Sources */,
				CBC747802A76D33400DD527C /* SignInView.swift in Sources */,
				CB7EF4F42A7E66B000DA6DA6 /* ProductDetailView.swift in Sources */,
				CBFE45EA2AB8192600751656 /* OTPTextField.swift in Sources */,
				CBC71C262A89F90100862CD1 /* MyOrdersViewModel.swift in Sources */,
				CBD6906C2A78FCA8002EE6D3 /* MainViewModel.swift in Sources */,
				CB9D6EBB2A8D43ED00669923 /* ForgotPasswordView.swift in Sources */,
				CBC6D4912A801B7300BAA917 /* ExploreViewModel.swift in Sources */,
				CB05BDEF2A7A270100A3BAAB /* MainTabView.swift in Sources */,
				CB7C29532A83618800A1E404 /* DelieryAddressView.swift in Sources */,
				CB9D6EB92A8D41AA00669923 /* ForgotPasswordViewModel.swift in Sources */,
				CB7EF4F62A7E678100DA6DA6 /* ProductDetailViewModel.swift in Sources */,
				CB81AA8A2A8BF77D0069CA84 /* MyDetailsViewModel.swift in Sources */,
				CB0491BB2A89F44900720BC3 /* OrderAccpetView.swift in Sources */,
			);
			runOnlyForDeploymentPostprocessing = 0;
		};
		CBAFEF112A76C8B8009DF242 /* Sources */ = {
			isa = PBXSourcesBuildPhase;
			buildActionMask = 2147483647;
			files = (
				CBAFEF1A2A76C8B8009DF242 /* OnlineGroceriesSwiftUITests.swift in Sources */,
			);
			runOnlyForDeploymentPostprocessing = 0;
		};
		CBAFEF1B2A76C8B8009DF242 /* Sources */ = {
			isa = PBXSourcesBuildPhase;
			buildActionMask = 2147483647;
			files = (
				CBAFEF242A76C8B8009DF242 /* OnlineGroceriesSwiftUIUITests.swift in Sources */,
				CBAFEF262A76C8B8009DF242 /* OnlineGroceriesSwiftUIUITestsLaunchTests.swift in Sources */,
			);
			runOnlyForDeploymentPostprocessing = 0;
		};
/* End PBXSourcesBuildPhase section */

/* Begin PBXTargetDependency section */
		CBAFEF172A76C8B8009DF242 /* PBXTargetDependency */ = {
			isa = PBXTargetDependency;
			target = CBAFEF042A76C8B5009DF242 /* OnlineGroceriesSwiftUI */;
			targetProxy = CBAFEF162A76C8B8009DF242 /* PBXContainerItemProxy */;
		};
		CBAFEF212A76C8B8009DF242 /* PBXTargetDependency */ = {
			isa = PBXTargetDependency;
			target = CBAFEF042A76C8B5009DF242 /* OnlineGroceriesSwiftUI */;
			targetProxy = CBAFEF202A76C8B8009DF242 /* PBXContainerItemProxy */;
		};
/* End PBXTargetDependency section */

/* Begin XCBuildConfiguration section */
		CBAFEF272A76C8B8009DF242 /* Debug */ = {
			isa = XCBuildConfiguration;
			buildSettings = {
				ALWAYS_SEARCH_USER_PATHS = NO;
				CLANG_ANALYZER_NONNULL = YES;
				CLANG_ANALYZER_NUMBER_OBJECT_CONVERSION = YES_AGGRESSIVE;
				CLANG_CXX_LANGUAGE_STANDARD = "gnu++20";
				CLANG_ENABLE_MODULES = YES;
				CLANG_ENABLE_OBJC_ARC = YES;
				CLANG_ENABLE_OBJC_WEAK = YES;
				CLANG_WARN_BLOCK_CAPTURE_AUTORELEASING = YES;
				CLANG_WARN_BOOL_CONVERSION = YES;
				CLANG_WARN_COMMA = YES;
				CLANG_WARN_CONSTANT_CONVERSION = YES;
				CLANG_WARN_DEPRECATED_OBJC_IMPLEMENTATIONS = YES;
				CLANG_WARN_DIRECT_OBJC_ISA_USAGE = YES_ERROR;
				CLANG_WARN_DOCUMENTATION_COMMENTS = YES;
				CLANG_WARN_EMPTY_BODY = YES;
				CLANG_WARN_ENUM_CONVERSION = YES;
				CLANG_WARN_INFINITE_RECURSION = YES;
				CLANG_WARN_INT_CONVERSION = YES;
				CLANG_WARN_NON_LITERAL_NULL_CONVERSION = YES;
				CLANG_WARN_OBJC_IMPLICIT_RETAIN_SELF = YES;
				CLANG_WARN_OBJC_LITERAL_CONVERSION = YES;
				CLANG_WARN_OBJC_ROOT_CLASS = YES_ERROR;
				CLANG_WARN_QUOTED_INCLUDE_IN_FRAMEWORK_HEADER = YES;
				CLANG_WARN_RANGE_LOOP_ANALYSIS = YES;
				CLANG_WARN_STRICT_PROTOTYPES = YES;
				CLANG_WARN_SUSPICIOUS_MOVE = YES;
				CLANG_WARN_UNGUARDED_AVAILABILITY = YES_AGGRESSIVE;
				CLANG_WARN_UNREACHABLE_CODE = YES;
				CLANG_WARN__DUPLICATE_METHOD_MATCH = YES;
				COPY_PHASE_STRIP = NO;
				DEBUG_INFORMATION_FORMAT = dwarf;
				ENABLE_STRICT_OBJC_MSGSEND = YES;
				ENABLE_TESTABILITY = YES;
				GCC_C_LANGUAGE_STANDARD = gnu11;
				GCC_DYNAMIC_NO_PIC = NO;
				GCC_NO_COMMON_BLOCKS = YES;
				GCC_OPTIMIZATION_LEVEL = 0;
				GCC_PREPROCESSOR_DEFINITIONS = (
					"DEBUG=1",
					"$(inherited)",
				);
				GCC_WARN_64_TO_32_BIT_CONVERSION = YES;
				GCC_WARN_ABOUT_RETURN_TYPE = YES_ERROR;
				GCC_WARN_UNDECLARED_SELECTOR = YES;
				GCC_WARN_UNINITIALIZED_AUTOS = YES_AGGRESSIVE;
				GCC_WARN_UNUSED_FUNCTION = YES;
				GCC_WARN_UNUSED_VARIABLE = YES;
				IPHONEOS_DEPLOYMENT_TARGET = 16.4;
				MTL_ENABLE_DEBUG_INFO = INCLUDE_SOURCE;
				MTL_FAST_MATH = YES;
				ONLY_ACTIVE_ARCH = YES;
				SDKROOT = iphoneos;
				SWIFT_ACTIVE_COMPILATION_CONDITIONS = DEBUG;
				SWIFT_OPTIMIZATION_LEVEL = "-Onone";
			};
			name = Debug;
		};
		CBAFEF282A76C8B8009DF242 /* Release */ = {
			isa = XCBuildConfiguration;
			buildSettings = {
				ALWAYS_SEARCH_USER_PATHS = NO;
				CLANG_ANALYZER_NONNULL = YES;
				CLANG_ANALYZER_NUMBER_OBJECT_CONVERSION = YES_AGGRESSIVE;
				CLANG_CXX_LANGUAGE_STANDARD = "gnu++20";
				CLANG_ENABLE_MODULES = YES;
				CLANG_ENABLE_OBJC_ARC = YES;
				CLANG_ENABLE_OBJC_WEAK = YES;
				CLANG_WARN_BLOCK_CAPTURE_AUTORELEASING = YES;
				CLANG_WARN_BOOL_CONVERSION = YES;
				CLANG_WARN_COMMA = YES;
				CLANG_WARN_CONSTANT_CONVERSION = YES;
				CLANG_WARN_DEPRECATED_OBJC_IMPLEMENTATIONS = YES;
				CLANG_WARN_DIRECT_OBJC_ISA_USAGE = YES_ERROR;
				CLANG_WARN_DOCUMENTATION_COMMENTS = YES;
				CLANG_WARN_EMPTY_BODY = YES;
				CLANG_WARN_ENUM_CONVERSION = YES;
				CLANG_WARN_INFINITE_RECURSION = YES;
				CLANG_WARN_INT_CONVERSION = YES;
				CLANG_WARN_NON_LITERAL_NULL_CONVERSION = YES;
				CLANG_WARN_OBJC_IMPLICIT_RETAIN_SELF = YES;
				CLANG_WARN_OBJC_LITERAL_CONVERSION = YES;
				CLANG_WARN_OBJC_ROOT_CLASS = YES_ERROR;
				CLANG_WARN_QUOTED_INCLUDE_IN_FRAMEWORK_HEADER = YES;
				CLANG_WARN_RANGE_LOOP_ANALYSIS = YES;
				CLANG_WARN_STRICT_PROTOTYPES = YES;
				CLANG_WARN_SUSPICIOUS_MOVE = YES;
				CLANG_WARN_UNGUARDED_AVAILABILITY = YES_AGGRESSIVE;
				CLANG_WARN_UNREACHABLE_CODE = YES;
				CLANG_WARN__DUPLICATE_METHOD_MATCH = YES;
				COPY_PHASE_STRIP = NO;
				DEBUG_INFORMATION_FORMAT = "dwarf-with-dsym";
				ENABLE_NS_ASSERTIONS = NO;
				ENABLE_STRICT_OBJC_MSGSEND = YES;
				GCC_C_LANGUAGE_STANDARD = gnu11;
				GCC_NO_COMMON_BLOCKS = YES;
				GCC_WARN_64_TO_32_BIT_CONVERSION = YES;
				GCC_WARN_ABOUT_RETURN_TYPE = YES_ERROR;
				GCC_WARN_UNDECLARED_SELECTOR = YES;
				GCC_WARN_UNINITIALIZED_AUTOS = YES_AGGRESSIVE;
				GCC_WARN_UNUSED_FUNCTION = YES;
				GCC_WARN_UNUSED_VARIABLE = YES;
				IPHONEOS_DEPLOYMENT_TARGET = 16.4;
				MTL_ENABLE_DEBUG_INFO = NO;
				MTL_FAST_MATH = YES;
				SDKROOT = iphoneos;
				SWIFT_COMPILATION_MODE = wholemodule;
				SWIFT_OPTIMIZATION_LEVEL = "-O";
				VALIDATE_PRODUCT = YES;
			};
			name = Release;
		};
		CBAFEF2A2A76C8B8009DF242 /* Debug */ = {
			isa = XCBuildConfiguration;
			buildSettings = {
				ASSETCATALOG_COMPILER_APPICON_NAME = AppIcon;
				ASSETCATALOG_COMPILER_GLOBAL_ACCENT_COLOR_NAME = AccentColor;
				CODE_SIGN_STYLE = Automatic;
				CURRENT_PROJECT_VERSION = 1;
				DEVELOPMENT_ASSET_PATHS = "\"OnlineGroceriesSwiftUI/Preview Content\"";
				ENABLE_PREVIEWS = YES;
				GENERATE_INFOPLIST_FILE = YES;
				INFOPLIST_FILE = OnlineGroceriesSwiftUI/Info.plist;
				INFOPLIST_KEY_UIApplicationSceneManifest_Generation = YES;
				INFOPLIST_KEY_UIApplicationSupportsIndirectInputEvents = YES;
				INFOPLIST_KEY_UILaunchScreen_Generation = YES;
				INFOPLIST_KEY_UILaunchStoryboardName = "Launch Screen.storyboard";
				INFOPLIST_KEY_UIStatusBarHidden = YES;
				INFOPLIST_KEY_UISupportedInterfaceOrientations = UIInterfaceOrientationPortrait;
				INFOPLIST_KEY_UISupportedInterfaceOrientations_iPad = "UIInterfaceOrientationLandscapeLeft UIInterfaceOrientationLandscapeRight UIInterfaceOrientationPortrait";
				IPHONEOS_DEPLOYMENT_TARGET = 14.0;
				LD_RUNPATH_SEARCH_PATHS = (
					"$(inherited)",
					"@executable_path/Frameworks",
				);
				MARKETING_VERSION = 1.0;
				PRODUCT_BUNDLE_IDENTIFIER = com.codeforany.OnlineGroceriesSwiftUI;
				PRODUCT_NAME = "$(TARGET_NAME)";
				SUPPORTED_PLATFORMS = "iphoneos iphonesimulator";
				SUPPORTS_MACCATALYST = NO;
				SUPPORTS_MAC_DESIGNED_FOR_IPHONE_IPAD = NO;
				SWIFT_EMIT_LOC_STRINGS = YES;
				SWIFT_VERSION = 5.0;
				TARGETED_DEVICE_FAMILY = 1;
			};
			name = Debug;
		};
		CBAFEF2B2A76C8B8009DF242 /* Release */ = {
			isa = XCBuildConfiguration;
			buildSettings = {
				ASSETCATALOG_COMPILER_APPICON_NAME = AppIcon;
				ASSETCATALOG_COMPILER_GLOBAL_ACCENT_COLOR_NAME = AccentColor;
				CODE_SIGN_STYLE = Automatic;
				CURRENT_PROJECT_VERSION = 1;
				DEVELOPMENT_ASSET_PATHS = "\"OnlineGroceriesSwiftUI/Preview Content\"";
				ENABLE_PREVIEWS = YES;
				GENERATE_INFOPLIST_FILE = YES;
				INFOPLIST_FILE = OnlineGroceriesSwiftUI/Info.plist;
				INFOPLIST_KEY_UIApplicationSceneManifest_Generation = YES;
				INFOPLIST_KEY_UIApplicationSupportsIndirectInputEvents = YES;
				INFOPLIST_KEY_UILaunchScreen_Generation = YES;
				INFOPLIST_KEY_UILaunchStoryboardName = "Launch Screen.storyboard";
				INFOPLIST_KEY_UIStatusBarHidden = YES;
				INFOPLIST_KEY_UISupportedInterfaceOrientations = UIInterfaceOrientationPortrait;
				INFOPLIST_KEY_UISupportedInterfaceOrientations_iPad = "UIInterfaceOrientationLandscapeLeft UIInterfaceOrientationLandscapeRight UIInterfaceOrientationPortrait";
				IPHONEOS_DEPLOYMENT_TARGET = 14.0;
				LD_RUNPATH_SEARCH_PATHS = (
					"$(inherited)",
					"@executable_path/Frameworks",
				);
				MARKETING_VERSION = 1.0;
				PRODUCT_BUNDLE_IDENTIFIER = com.codeforany.OnlineGroceriesSwiftUI;
				PRODUCT_NAME = "$(TARGET_NAME)";
				SUPPORTED_PLATFORMS = "iphoneos iphonesimulator";
				SUPPORTS_MACCATALYST = NO;
				SUPPORTS_MAC_DESIGNED_FOR_IPHONE_IPAD = NO;
				SWIFT_EMIT_LOC_STRINGS = YES;
				SWIFT_VERSION = 5.0;
				TARGETED_DEVICE_FAMILY = 1;
			};
			name = Release;
		};
		CBAFEF2D2A76C8B8009DF242 /* Debug */ = {
			isa = XCBuildConfiguration;
			buildSettings = {
				ALWAYS_EMBED_SWIFT_STANDARD_LIBRARIES = YES;
				BUNDLE_LOADER = "$(TEST_HOST)";
				CODE_SIGN_STYLE = Automatic;
				CURRENT_PROJECT_VERSION = 1;
				GENERATE_INFOPLIST_FILE = YES;
				IPHONEOS_DEPLOYMENT_TARGET = 16.4;
				MARKETING_VERSION = 1.0;
				PRODUCT_BUNDLE_IDENTIFIER = com.codeforany.OnlineGroceriesSwiftUITests;
				PRODUCT_NAME = "$(TARGET_NAME)";
				SWIFT_EMIT_LOC_STRINGS = NO;
				SWIFT_VERSION = 5.0;
				TARGETED_DEVICE_FAMILY = "1,2";
				TEST_HOST = "$(BUILT_PRODUCTS_DIR)/OnlineGroceriesSwiftUI.app/$(BUNDLE_EXECUTABLE_FOLDER_PATH)/OnlineGroceriesSwiftUI";
			};
			name = Debug;
		};
		CBAFEF2E2A76C8B8009DF242 /* Release */ = {
			isa = XCBuildConfiguration;
			buildSettings = {
				ALWAYS_EMBED_SWIFT_STANDARD_LIBRARIES = YES;
				BUNDLE_LOADER = "$(TEST_HOST)";
				CODE_SIGN_STYLE = Automatic;
				CURRENT_PROJECT_VERSION = 1;
				GENERATE_INFOPLIST_FILE = YES;
				IPHONEOS_DEPLOYMENT_TARGET = 16.4;
				MARKETING_VERSION = 1.0;
				PRODUCT_BUNDLE_IDENTIFIER = com.codeforany.OnlineGroceriesSwiftUITests;
				PRODUCT_NAME = "$(TARGET_NAME)";
				SWIFT_EMIT_LOC_STRINGS = NO;
				SWIFT_VERSION = 5.0;
				TARGETED_DEVICE_FAMILY = "1,2";
				TEST_HOST = "$(BUILT_PRODUCTS_DIR)/OnlineGroceriesSwiftUI.app/$(BUNDLE_EXECUTABLE_FOLDER_PATH)/OnlineGroceriesSwiftUI";
			};
			name = Release;
		};
		CBAFEF302A76C8B8009DF242 /* Debug */ = {
			isa = XCBuildConfiguration;
			buildSettings = {
				ALWAYS_EMBED_SWIFT_STANDARD_LIBRARIES = YES;
				CODE_SIGN_STYLE = Automatic;
				CURRENT_PROJECT_VERSION = 1;
				GENERATE_INFOPLIST_FILE = YES;
				MARKETING_VERSION = 1.0;
				PRODUCT_BUNDLE_IDENTIFIER = com.codeforany.OnlineGroceriesSwiftUIUITests;
				PRODUCT_NAME = "$(TARGET_NAME)";
				SWIFT_EMIT_LOC_STRINGS = NO;
				SWIFT_VERSION = 5.0;
				TARGETED_DEVICE_FAMILY = "1,2";
				TEST_TARGET_NAME = OnlineGroceriesSwiftUI;
			};
			name = Debug;
		};
		CBAFEF312A76C8B8009DF242 /* Release */ = {
			isa = XCBuildConfiguration;
			buildSettings = {
				ALWAYS_EMBED_SWIFT_STANDARD_LIBRARIES = YES;
				CODE_SIGN_STYLE = Automatic;
				CURRENT_PROJECT_VERSION = 1;
				GENERATE_INFOPLIST_FILE = YES;
				MARKETING_VERSION = 1.0;
				PRODUCT_BUNDLE_IDENTIFIER = com.codeforany.OnlineGroceriesSwiftUIUITests;
				PRODUCT_NAME = "$(TARGET_NAME)";
				SWIFT_EMIT_LOC_STRINGS = NO;
				SWIFT_VERSION = 5.0;
				TARGETED_DEVICE_FAMILY = "1,2";
				TEST_TARGET_NAME = OnlineGroceriesSwiftUI;
			};
			name = Release;
		};
/* End XCBuildConfiguration section */

/* Begin XCConfigurationList section */
		CBAFEF002A76C8B4009DF242 /* Build configuration list for PBXProject "OnlineGroceriesSwiftUI" */ = {
			isa = XCConfigurationList;
			buildConfigurations = (
				CBAFEF272A76C8B8009DF242 /* Debug */,
				CBAFEF282A76C8B8009DF242 /* Release */,
			);
			defaultConfigurationIsVisible = 0;
			defaultConfigurationName = Release;
		};
		CBAFEF292A76C8B8009DF242 /* Build configuration list for PBXNativeTarget "OnlineGroceriesSwiftUI" */ = {
			isa = XCConfigurationList;
			buildConfigurations = (
				CBAFEF2A2A76C8B8009DF242 /* Debug */,
				CBAFEF2B2A76C8B8009DF242 /* Release */,
			);
			defaultConfigurationIsVisible = 0;
			defaultConfigurationName = Release;
		};
		CBAFEF2C2A76C8B8009DF242 /* Build configuration list for PBXNativeTarget "OnlineGroceriesSwiftUITests" */ = {
			isa = XCConfigurationList;
			buildConfigurations = (
				CBAFEF2D2A76C8B8009DF242 /* Debug */,
				CBAFEF2E2A76C8B8009DF242 /* Release */,
			);
			defaultConfigurationIsVisible = 0;
			defaultConfigurationName = Release;
		};
		CBAFEF2F2A76C8B8009DF242 /* Build configuration list for PBXNativeTarget "OnlineGroceriesSwiftUIUITests" */ = {
			isa = XCConfigurationList;
			buildConfigurations = (
				CBAFEF302A76C8B8009DF242 /* Debug */,
				CBAFEF312A76C8B8009DF242 /* Release */,
			);
			defaultConfigurationIsVisible = 0;
			defaultConfigurationName = Release;
		};
/* End XCConfigurationList section */

/* Begin XCRemoteSwiftPackageReference section */
		CB6C33322A7CBA77007CECA2 /* XCRemoteSwiftPackageReference "SDWebImageSwiftUI" */ = {
			isa = XCRemoteSwiftPackageReference;
			repositoryURL = "https://github.com/SDWebImage/SDWebImageSwiftUI.git";
			requirement = {
				kind = upToNextMajorVersion;
				minimumVersion = 2.0.0;
			};
		};
		CBC747812A76D78200DD527C /* XCRemoteSwiftPackageReference "CountryPicker" */ = {
			isa = XCRemoteSwiftPackageReference;
			repositoryURL = "https://github.com/mobven/CountryPicker.git";
			requirement = {
				kind = upToNextMajorVersion;
				minimumVersion = 2.0.0;
			};
		};
/* End XCRemoteSwiftPackageReference section */

/* Begin XCSwiftPackageProductDependency section */
		CB6C33332A7CBA77007CECA2 /* SDWebImageSwiftUI */ = {
			isa = XCSwiftPackageProductDependency;
			package = CB6C33322A7CBA77007CECA2 /* XCRemoteSwiftPackageReference "SDWebImageSwiftUI" */;
			productName = SDWebImageSwiftUI;
		};
		CBC747822A76D78200DD527C /* CountryPicker */ = {
			isa = XCSwiftPackageProductDependency;
			package = CBC747812A76D78200DD527C /* XCRemoteSwiftPackageReference "CountryPicker" */;
			productName = CountryPicker;
		};
/* End XCSwiftPackageProductDependency section */
	};
	rootObject = CBAFEEFD2A76C8B4009DF242 /* Project object */;
}
