// !$*UTF8*$!
{
	archiveVersion = 1;
	classes = {
	};
	objectVersion = 56;
	objects = {

/* Begin PBXBuildFile section */
		CBAFEF092A76C8B5009DF242 /* OnlineGroceriesSwiftUIApp.swift in Sources */ = {isa = PBXBuildFile; fileRef = CBAFEF082A76C8B5009DF242 /* OnlineGroceriesSwiftUIApp.swift */; };
		CBAFEF0B2A76C8B5009DF242 /* ContentView.swift in Sources */ = {isa = PBXBuildFile; fileRef = CBAFEF0A2A76C8B5009DF242 /* ContentView.swift */; };
		CBAFEF0D2A76C8B7009DF242 /* Assets.xcassets in Resources */ = {isa = PBXBuildFile; fileRef = CBAFEF0C2A76C8B7009DF242 /* Assets.xcassets */; };
		CBAFEF102A76C8B7009DF242 /* Preview Assets.xcassets in Resources */ = {isa = PBXBuildFile; fileRef = CBAFEF0F2A76C8B7009DF242 /* Preview Assets.xcassets */; };
		CBAFEF1A2A76C8B8009DF242 /* OnlineGroceriesSwiftUITests.swift in Sources */ = {isa = PBXBuildFile; fileRef = CBAFEF192A76C8B8009DF242 /* OnlineGroceriesSwiftUITests.swift */; };
		CBAFEF242A76C8B8009DF242 /* OnlineGroceriesSwiftUIUITests.swift in Sources */ = {isa = PBXBuildFile; fileRef = CBAFEF232A76C8B8009DF242 /* OnlineGroceriesSwiftUIUITests.swift */; };
		CBAFEF262A76C8B8009DF242 /* OnlineGroceriesSwiftUIUITestsLaunchTests.swift in Sources */ = {isa = PBXBuildFile; fileRef = CBAFEF252A76C8B8009DF242 /* OnlineGroceriesSwiftUIUITestsLaunchTests.swift */; };
/* End PBXBuildFile section */

/* Begin PBXContainerItemProxy section */
		CBAFEF162A76C8B8009DF242 /* PBXContainerItemProxy */ = {
			isa = PBXContainerItemProxy;
			containerPortal = CBAFEEFD2A76C8B4009DF242 /* Project object */;
			proxyType = 1;
			remoteGlobalIDString = CBAFEF042A76C8B5009DF242;
			remoteInfo = OnlineGroceriesSwiftUI;
		};
		CBAFEF202A76C8B8009DF242 /* PBXContainerItemProxy */ = {
			isa = PBXContainerItemProxy;
			containerPortal = CBAFEEFD2A76C8B4009DF242 /* Project object */;
			proxyType = 1;
			remoteGlobalIDString = CBAFEF042A76C8B5009DF242;
			remoteInfo = OnlineGroceriesSwiftUI;
		};
/* End PBXContainerItemProxy section */

/* Begin PBXFileReference section */
		CBAFEF052A76C8B5009DF242 /* OnlineGroceriesSwiftUI.app */ = {isa = PBXFileReference; explicitFileType = wrapper.application; includeInIndex = 0; path = OnlineGroceriesSwiftUI.app; sourceTree = BUILT_PRODUCTS_DIR; };
		CBAFEF082A76C8B5009DF242 /* OnlineGroceriesSwiftUIApp.swift */ = {isa = PBXFileReference; lastKnownFileType = sourcecode.swift; path = OnlineGroceriesSwiftUIApp.swift; sourceTree = "<group>"; };
		CBAFEF0A2A76C8B5009DF242 /* ContentView.swift */ = {isa = PBXFileReference; lastKnownFileType = sourcecode.swift; path = ContentView.swift; sourceTree = "<group>"; };
		CBAFEF0C2A76C8B7009DF242 /* Assets.xcassets */ = {isa = PBXFileReference; lastKnownFileType = folder.assetcatalog; path = Assets.xcassets; sourceTree = "<group>"; };
		CBAFEF0F2A76C8B7009DF242 /* Preview Assets.xcassets */ = {isa = PBXFileReference; lastKnownFileType = folder.assetcatalog; path = "Preview Assets.xcassets"; sourceTree = "<group>"; };
		CBAFEF152A76C8B8009DF242 /* OnlineGroceriesSwiftUITests.xctest */ = {isa = PBXFileReference; explicitFileType = wrapper.cfbundle; includeInIndex = 0; path = OnlineGroceriesSwiftUITests.xctest; sourceTree = BUILT_PRODUCTS_DIR; };
		CBAFEF192A76C8B8009DF242 /* OnlineGroceriesSwiftUITests.swift */ = {isa = PBXFileReference; lastKnownFileType = sourcecode.swift; path = OnlineGroceriesSwiftUITests.swift; sourceTree = "<group>"; };
		CBAFEF1F2A76C8B8009DF242 /* OnlineGroceriesSwiftUIUITests.xctest */ = {isa = PBXFileReference; explicitFileType = wrapper.cfbundle; includeInIndex = 0; path = OnlineGroceriesSwiftUIUITests.xctest; sourceTree = BUILT_PRODUCTS_DIR; };
		CBAFEF232A76C8B8009DF242 /* OnlineGroceriesSwiftUIUITests.swift */ = {isa = PBXFileReference; lastKnownFileType = sourcecode.swift; path = OnlineGroceriesSwiftUIUITests.swift; sourceTree = "<group>"; };
		CBAFEF252A76C8B8009DF242 /* OnlineGroceriesSwiftUIUITestsLaunchTests.swift */ = {isa = PBXFileReference; lastKnownFileType = sourcecode.swift; path = OnlineGroceriesSwiftUIUITestsLaunchTests.swift; sourceTree = "<group>"; };
/* End PBXFileReference section */

/* Begin PBXFrameworksBuildPhase section */
		CBAFEF022A76C8B5009DF242 /* Frameworks */ = {
			isa = PBXFrameworksBuildPhase;
			buildActionMask = 2147483647;
			files = (
			);
			runOnlyForDeploymentPostprocessing = 0;
		};
		CBAFEF122A76C8B8009DF242 /* Frameworks */ = {
			isa = PBXFrameworksBuildPhase;
			buildActionMask = 2147483647;
			files = (
			);
			runOnlyForDeploymentPostprocessing = 0;
		};
		CBAFEF1C2A76C8B8009DF242 /* Frameworks */ = {
			isa = PBXFrameworksBuildPhase;
			buildActionMask = 2147483647;
			files = (
			);
			runOnlyForDeploymentPostprocessing = 0;
		};
/* End PBXFrameworksBuildPhase section */

/* Begin PBXGroup section */
		CBAFEEFC2A76C8B4009DF242 = {
			isa = PBXGroup;
			children = (
				CBAFEF072A76C8B5009DF242 /* OnlineGroceriesSwiftUI */,
				CBAFEF182A76C8B8009DF242 /* OnlineGroceriesSwiftUITests */,
				CBAFEF222A76C8B8009DF242 /* OnlineGroceriesSwiftUIUITests */,
				CBAFEF062A76C8B5009DF242 /* Products */,
			);
			sourceTree = "<group>";
		};
		CBAFEF062A76C8B5009DF242 /* Products */ = {
			isa = PBXGroup;
			children = (
				CBAFEF052A76C8B5009DF242 /* OnlineGroceriesSwiftUI.app */,
				CBAFEF152A76C8B8009DF242 /* OnlineGroceriesSwiftUITests.xctest */,
				CBAFEF1F2A76C8B8009DF242 /* OnlineGroceriesSwiftUIUITests.xctest */,
			);
			name = Products;
			sourceTree = "<group>";
		};
		CBAFEF072A76C8B5009DF242 /* OnlineGroceriesSwiftUI */ = {
			isa = PBXGroup;
			children = (
				CBAFEF082A76C8B5009DF242 /* OnlineGroceriesSwiftUIApp.swift */,
				CBAFEF0A2A76C8B5009DF242 /* ContentView.swift */,
				CBAFEF0C2A76C8B7009DF242 /* Assets.xcassets */,
				CBAFEF0E2A76C8B7009DF242 /* Preview Content */,
			);
			path = OnlineGroceriesSwiftUI;
			sourceTree = "<group>";
		};
		CBAFEF0E2A76C8B7009DF242 /* Preview Content */ = {
			isa = PBXGroup;
			children = (
				CBAFEF0F2A76C8B7009DF242 /* Preview Assets.xcassets */,
			);
			path = "Preview Content";
			sourceTree = "<group>";
		};
		CBAFEF182A76C8B8009DF242 /* OnlineGroceriesSwiftUITests */ = {
			isa = PBXGroup;
			children = (
				CBAFEF192A76C8B8009DF242 /* OnlineGroceriesSwiftUITests.swift */,
			);
			path = OnlineGroceriesSwiftUITests;
			sourceTree = "<group>";
		};
		CBAFEF222A76C8B8009DF242 /* OnlineGroceriesSwiftUIUITests */ = {
			isa = PBXGroup;
			children = (
				CBAFEF232A76C8B8009DF242 /* OnlineGroceriesSwiftUIUITests.swift */,
				CBAFEF252A76C8B8009DF242 /* OnlineGroceriesSwiftUIUITestsLaunchTests.swift */,
			);
			path = OnlineGroceriesSwiftUIUITests;
			sourceTree = "<group>";
		};
/* End PBXGroup section */

/* Begin PBXNativeTarget section */
		CBAFEF042A76C8B5009DF242 /* OnlineGroceriesSwiftUI */ = {
			isa = PBXNativeTarget;
			buildConfigurationList = CBAFEF292A76C8B8009DF242 /* Build configuration list for PBXNativeTarget "OnlineGroceriesSwiftUI" */;
			buildPhases = (
				CBAFEF012A76C8B5009DF242 /* Sources */,
				CBAFEF022A76C8B5009DF242 /* Frameworks */,
				CBAFEF032A76C8B5009DF242 /* Resources */,
			);
			buildRules = (
			);
			dependencies = (
			);
			name = OnlineGroceriesSwiftUI;
			productName = OnlineGroceriesSwiftUI;
			productReference = CBAFEF052A76C8B5009DF242 /* OnlineGroceriesSwiftUI.app */;
			productType = "com.apple.product-type.application";
		};
		CBAFEF142A76C8B8009DF242 /* OnlineGroceriesSwiftUITests */ = {
			isa = PBXNativeTarget;
			buildConfigurationList = CBAFEF2C2A76C8B8009DF242 /* Build configuration list for PBXNativeTarget "OnlineGroceriesSwiftUITests" */;
			buildPhases = (
				CBAFEF112A76C8B8009DF242 /* Sources */,
				CBAFEF122A76C8B8009DF242 /* Frameworks */,
				CBAFEF132A76C8B8009DF242 /* Resources */,
			);
			buildRules = (
			);
			dependencies = (
				CBAFEF172A76C8B8009DF242 /* PBXTargetDependency */,
			);
			name = OnlineGroceriesSwiftUITests;
			productName = OnlineGroceriesSwiftUITests;
			productReference = CBAFEF152A76C8B8009DF242 /* OnlineGroceriesSwiftUITests.xctest */;
			productType = "com.apple.product-type.bundle.unit-test";
		};
		CBAFEF1E2A76C8B8009DF242 /* OnlineGroceriesSwiftUIUITests */ = {
			isa = PBXNativeTarget;
			buildConfigurationList = CBAFEF2F2A76C8B8009DF242 /* Build configuration list for PBXNativeTarget "OnlineGroceriesSwiftUIUITests" */;
			buildPhases = (
				CBAFEF1B2A76C8B8009DF242 /* Sources */,
				CBAFEF1C2A76C8B8009DF242 /* Frameworks */,
				CBAFEF1D2A76C8B8009DF242 /* Resources */,
			);
			buildRules = (
			);
			dependencies = (
				CBAFEF212A76C8B8009DF242 /* PBXTargetDependency */,
			);
			name = OnlineGroceriesSwiftUIUITests;
			productName = OnlineGroceriesSwiftUIUITests;
			productReference = CBAFEF1F2A76C8B8009DF242 /* OnlineGroceriesSwiftUIUITests.xctest */;
			productType = "com.apple.product-type.bundle.ui-testing";
		};
/* End PBXNativeTarget section */

/* Begin PBXProject section */
		CBAFEEFD2A76C8B4009DF242 /* Project object */ = {
			isa = PBXProject;
			attributes = {
				BuildIndependentTargetsInParallel = 1;
				LastSwiftUpdateCheck = 1430;
				LastUpgradeCheck = 1430;
				TargetAttributes = {
					CBAFEF042A76C8B5009DF242 = {
						CreatedOnToolsVersion = 14.3.1;
					};
					CBAFEF142A76C8B8009DF242 = {
						CreatedOnToolsVersion = 14.3.1;
						TestTargetID = CBAFEF042A76C8B5009DF242;
					};
					CBAFEF1E2A76C8B8009DF242 = {
						CreatedOnToolsVersion = 14.3.1;
						TestTargetID = CBAFEF042A76C8B5009DF242;
					};
				};
			};
			buildConfigurationList = CBAFEF002A76C8B4009DF242 /* Build configuration list for PBXProject "OnlineGroceriesSwiftUI" */;
			compatibilityVersion = "Xcode 14.0";
			developmentRegion = en;
			hasScannedForEncodings = 0;
			knownRegions = (
				en,
				Base,
			);
			mainGroup = CBAFEEFC2A76C8B4009DF242;
			productRefGroup = CBAFEF062A76C8B5009DF242 /* Products */;
			projectDirPath = "";
			projectRoot = "";
			targets = (
				CBAFEF042A76C8B5009DF242 /* OnlineGroceriesSwiftUI */,
				CBAFEF142A76C8B8009DF242 /* OnlineGroceriesSwiftUITests */,
				CBAFEF1E2A76C8B8009DF242 /* OnlineGroceriesSwiftUIUITests */,
			);
		};
/* End PBXProject section */

/* Begin PBXResourcesBuildPhase section */
		CBAFEF032A76C8B5009DF242 /* Resources */ = {
			isa = PBXResourcesBuildPhase;
			buildActionMask = 2147483647;
			files = (
				CBAFEF102A76C8B7009DF242 /* Preview Assets.xcassets in Resources */,
				CBAFEF0D2A76C8B7009DF242 /* Assets.xcassets in Resources */,
			);
			runOnlyForDeploymentPostprocessing = 0;
		};
		CBAFEF132A76C8B8009DF242 /* Resources */ = {
			isa = PBXResourcesBuildPhase;
			buildActionMask = 2147483647;
			files = (
			);
			runOnlyForDeploymentPostprocessing = 0;
		};
		CBAFEF1D2A76C8B8009DF242 /* Resources */ = {
			isa = PBXResourcesBuildPhase;
			buildActionMask = 2147483647;
			files = (
			);
			runOnlyForDeploymentPostprocessing = 0;
		};
/* End PBXResourcesBuildPhase section */

/* Begin PBXSourcesBuildPhase section */
		CBAFEF012A76C8B5009DF242 /* Sources */ = {
			isa = PBXSourcesBuildPhase;
			buildActionMask = 2147483647;
			files = (
				CBAFEF0B2A76C8B5009DF242 /* ContentView.swift in Sources */,
				CBAFEF092A76C8B5009DF242 /* OnlineGroceriesSwiftUIApp.swift in Sources */,
			);
			runOnlyForDeploymentPostprocessing = 0;
		};
		CBAFEF112A76C8B8009DF242 /* Sources */ = {
			isa = PBXSourcesBuildPhase;
			buildActionMask = 2147483647;
			files = (
				CBAFEF1A2A76C8B8009DF242 /* OnlineGroceriesSwiftUITests.swift in Sources */,
			);
			runOnlyForDeploymentPostprocessing = 0;
		};
		CBAFEF1B2A76C8B8009DF242 /* Sources */ = {
			isa = PBXSourcesBuildPhase;
			buildActionMask = 2147483647;
			files = (
				CBAFEF242A76C8B8009DF242 /* OnlineGroceriesSwiftUIUITests.swift in Sources */,
				CBAFEF262A76C8B8009DF242 /* OnlineGroceriesSwiftUIUITestsLaunchTests.swift in Sources */,
			);
			runOnlyForDeploymentPostprocessing = 0;
		};
/* End PBXSourcesBuildPhase section */

/* Begin PBXTargetDependency section */
		CBAFEF172A76C8B8009DF242 /* PBXTargetDependency */ = {
			isa = PBXTargetDependency;
			target = CBAFEF042A76C8B5009DF242 /* OnlineGroceriesSwiftUI */;
			targetProxy = CBAFEF162A76C8B8009DF242 /* PBXContainerItemProxy */;
		};
		CBAFEF212A76C8B8009DF242 /* PBXTargetDependency */ = {
			isa = PBXTargetDependency;
			target = CBAFEF042A76C8B5009DF242 /* OnlineGroceriesSwiftUI */;
			targetProxy = CBAFEF202A76C8B8009DF242 /* PBXContainerItemProxy */;
		};
/* End PBXTargetDependency section */

/* Begin XCBuildConfiguration section */
		CBAFEF272A76C8B8009DF242 /* Debug */ = {
			isa = XCBuildConfiguration;
			buildSettings = {
				ALWAYS_SEARCH_USER_PATHS = NO;
				CLANG_ANALYZER_NONNULL = YES;
				CLANG_ANALYZER_NUMBER_OBJECT_CONVERSION = YES_AGGRESSIVE;
				CLANG_CXX_LANGUAGE_STANDARD = "gnu++20";
				CLANG_ENABLE_MODULES = YES;
				CLANG_ENABLE_OBJC_ARC = YES;
				CLANG_ENABLE_OBJC_WEAK = YES;
				CLANG_WARN_BLOCK_CAPTURE_AUTORELEASING = YES;
				CLANG_WARN_BOOL_CONVERSION = YES;
				CLANG_WARN_COMMA = YES;
				CLANG_WARN_CONSTANT_CONVERSION = YES;
				CLANG_WARN_DEPRECATED_OBJC_IMPLEMENTATIONS = YES;
				CLANG_WARN_DIRECT_OBJC_ISA_USAGE = YES_ERROR;
				CLANG_WARN_DOCUMENTATION_COMMENTS = YES;
				CLANG_WARN_EMPTY_BODY = YES;
				CLANG_WARN_ENUM_CONVERSION = YES;
				CLANG_WARN_INFINITE_RECURSION = YES;
				CLANG_WARN_INT_CONVERSION = YES;
				CLANG_WARN_NON_LITERAL_NULL_CONVERSION = YES;
				CLANG_WARN_OBJC_IMPLICIT_RETAIN_SELF = YES;
				CLANG_WARN_OBJC_LITERAL_CONVERSION = YES;
				CLANG_WARN_OBJC_ROOT_CLASS = YES_ERROR;
				CLANG_WARN_QUOTED_INCLUDE_IN_FRAMEWORK_HEADER = YES;
				CLANG_WARN_RANGE_LOOP_ANALYSIS = YES;
				CLANG_WARN_STRICT_PROTOTYPES = YES;
				CLANG_WARN_SUSPICIOUS_MOVE = YES;
				CLANG_WARN_UNGUARDED_AVAILABILITY = YES_AGGRESSIVE;
				CLANG_WARN_UNREACHABLE_CODE = YES;
				CLANG_WARN__DUPLICATE_METHOD_MATCH = YES;
				COPY_PHASE_STRIP = NO;
				DEBUG_INFORMATION_FORMAT = dwarf;
				ENABLE_STRICT_OBJC_MSGSEND = YES;
				ENABLE_TESTABILITY = YES;
				GCC_C_LANGUAGE_STANDARD = gnu11;
				GCC_DYNAMIC_NO_PIC = NO;
				GCC_NO_COMMON_BLOCKS = YES;
				GCC_OPTIMIZATION_LEVEL = 0;
				GCC_PREPROCESSOR_DEFINITIONS = (
					"DEBUG=1",
					"$(inherited)",
				);
				GCC_WARN_64_TO_32_BIT_CONVERSION = YES;
				GCC_WARN_ABOUT_RETURN_TYPE = YES_ERROR;
				GCC_WARN_UNDECLARED_SELECTOR = YES;
				GCC_WARN_UNINITIALIZED_AUTOS = YES_AGGRESSIVE;
				GCC_WARN_UNUSED_FUNCTION = YES;
				GCC_WARN_UNUSED_VARIABLE = YES;
				IPHONEOS_DEPLOYMENT_TARGET = 16.4;
				MTL_ENABLE_DEBUG_INFO = INCLUDE_SOURCE;
				MTL_FAST_MATH = YES;
				ONLY_ACTIVE_ARCH = YES;
				SDKROOT = iphoneos;
				SWIFT_ACTIVE_COMPILATION_CONDITIONS = DEBUG;
				SWIFT_OPTIMIZATION_LEVEL = "-Onone";
			};
			name = Debug;
		};
		CBAFEF282A76C8B8009DF242 /* Release */ = {
			isa = XCBuildConfiguration;
			buildSettings = {
				ALWAYS_SEARCH_USER_PATHS = NO;
				CLANG_ANALYZER_NONNULL = YES;
				CLANG_ANALYZER_NUMBER_OBJECT_CONVERSION = YES_AGGRESSIVE;
				CLANG_CXX_LANGUAGE_STANDARD = "gnu++20";
				CLANG_ENABLE_MODULES = YES;
				CLANG_ENABLE_OBJC_ARC = YES;
				CLANG_ENABLE_OBJC_WEAK = YES;
				CLANG_WARN_BLOCK_CAPTURE_AUTORELEASING = YES;
				CLANG_WARN_BOOL_CONVERSION = YES;
				CLANG_WARN_COMMA = YES;
				CLANG_WARN_CONSTANT_CONVERSION = YES;
				CLANG_WARN_DEPRECATED_OBJC_IMPLEMENTATIONS = YES;
				CLANG_WARN_DIRECT_OBJC_ISA_USAGE = YES_ERROR;
				CLANG_WARN_DOCUMENTATION_COMMENTS = YES;
				CLANG_WARN_EMPTY_BODY = YES;
				CLANG_WARN_ENUM_CONVERSION = YES;
				CLANG_WARN_INFINITE_RECURSION = YES;
				CLANG_WARN_INT_CONVERSION = YES;
				CLANG_WARN_NON_LITERAL_NULL_CONVERSION = YES;
				CLANG_WARN_OBJC_IMPLICIT_RETAIN_SELF = YES;
				CLANG_WARN_OBJC_LITERAL_CONVERSION = YES;
				CLANG_WARN_OBJC_ROOT_CLASS = YES_ERROR;
				CLANG_WARN_QUOTED_INCLUDE_IN_FRAMEWORK_HEADER = YES;
				CLANG_WARN_RANGE_LOOP_ANALYSIS = YES;
				CLANG_WARN_STRICT_PROTOTYPES = YES;
				CLANG_WARN_SUSPICIOUS_MOVE = YES;
				CLANG_WARN_UNGUARDED_AVAILABILITY = YES_AGGRESSIVE;
				CLANG_WARN_UNREACHABLE_CODE = YES;
				CLANG_WARN__DUPLICATE_METHOD_MATCH = YES;
				COPY_PHASE_STRIP = NO;
				DEBUG_INFORMATION_FORMAT = "dwarf-with-dsym";
				ENABLE_NS_ASSERTIONS = NO;
				ENABLE_STRICT_OBJC_MSGSEND = YES;
				GCC_C_LANGUAGE_STANDARD = gnu11;
				GCC_NO_COMMON_BLOCKS = YES;
				GCC_WARN_64_TO_32_BIT_CONVERSION = YES;
				GCC_WARN_ABOUT_RETURN_TYPE = YES_ERROR;
				GCC_WARN_UNDECLARED_SELECTOR = YES;
				GCC_WARN_UNINITIALIZED_AUTOS = YES_AGGRESSIVE;
				GCC_WARN_UNUSED_FUNCTION = YES;
				GCC_WARN_UNUSED_VARIABLE = YES;
				IPHONEOS_DEPLOYMENT_TARGET = 16.4;
				MTL_ENABLE_DEBUG_INFO = NO;
				MTL_FAST_MATH = YES;
				SDKROOT = iphoneos;
				SWIFT_COMPILATION_MODE = wholemodule;
				SWIFT_OPTIMIZATION_LEVEL = "-O";
				VALIDATE_PRODUCT = YES;
			};
			name = Release;
		};
		CBAFEF2A2A76C8B8009DF242 /* Debug */ = {
			isa = XCBuildConfiguration;
			buildSettings = {
				ASSETCATALOG_COMPILER_APPICON_NAME = AppIcon;
				ASSETCATALOG_COMPILER_GLOBAL_ACCENT_COLOR_NAME = AccentColor;
				CODE_SIGN_STYLE = Automatic;
				CURRENT_PROJECT_VERSION = 1;
				DEVELOPMENT_ASSET_PATHS = "\"OnlineGroceriesSwiftUI/Preview Content\"";
				ENABLE_PREVIEWS = YES;
				GENERATE_INFOPLIST_FILE = YES;
				INFOPLIST_KEY_UIApplicationSceneManifest_Generation = YES;
				INFOPLIST_KEY_UIApplicationSupportsIndirectInputEvents = YES;
				INFOPLIST_KEY_UILaunchScreen_Generation = YES;
				INFOPLIST_KEY_UISupportedInterfaceOrientations_iPad = "UIInterfaceOrientationPortrait UIInterfaceOrientationPortraitUpsideDown UIInterfaceOrientationLandscapeLeft UIInterfaceOrientationLandscapeRight";
				INFOPLIST_KEY_UISupportedInterfaceOrientations_iPhone = "UIInterfaceOrientationPortrait UIInterfaceOrientationLandscapeLeft UIInterfaceOrientationLandscapeRight";
				LD_RUNPATH_SEARCH_PATHS = (
					"$(inherited)",
					"@executable_path/Frameworks",
				);
				MARKETING_VERSION = 1.0;
				PRODUCT_BUNDLE_IDENTIFIER = com.codeforany.OnlineGroceriesSwiftUI;
				PRODUCT_NAME = "$(TARGET_NAME)";
				SWIFT_EMIT_LOC_STRINGS = YES;
				SWIFT_VERSION = 5.0;
				TARGETED_DEVICE_FAMILY = "1,2";
			};
			name = Debug;
		};
		CBAFEF2B2A76C8B8009DF242 /* Release */ = {
			isa = XCBuildConfiguration;
			buildSettings = {
				ASSETCATALOG_COMPILER_APPICON_NAME = AppIcon;
				ASSETCATALOG_COMPILER_GLOBAL_ACCENT_COLOR_NAME = AccentColor;
				CODE_SIGN_STYLE = Automatic;
				CURRENT_PROJECT_VERSION = 1;
				DEVELOPMENT_ASSET_PATHS = "\"OnlineGroceriesSwiftUI/Preview Content\"";
				ENABLE_PREVIEWS = YES;
				GENERATE_INFOPLIST_FILE = YES;
				INFOPLIST_KEY_UIApplicationSceneManifest_Generation = YES;
				INFOPLIST_KEY_UIApplicationSupportsIndirectInputEvents = YES;
				INFOPLIST_KEY_UILaunchScreen_Generation = YES;
				INFOPLIST_KEY_UISupportedInterfaceOrientations_iPad = "UIInterfaceOrientationPortrait UIInterfaceOrientationPortraitUpsideDown UIInterfaceOrientationLandscapeLeft UIInterfaceOrientationLandscapeRight";
				INFOPLIST_KEY_UISupportedInterfaceOrientations_iPhone = "UIInterfaceOrientationPortrait UIInterfaceOrientationLandscapeLeft UIInterfaceOrientationLandscapeRight";
				LD_RUNPATH_SEARCH_PATHS = (
					"$(inherited)",
					"@executable_path/Frameworks",
				);
				MARKETING_VERSION = 1.0;
				PRODUCT_BUNDLE_IDENTIFIER = com.codeforany.OnlineGroceriesSwiftUI;
				PRODUCT_NAME = "$(TARGET_NAME)";
				SWIFT_EMIT_LOC_STRINGS = YES;
				SWIFT_VERSION = 5.0;
				TARGETED_DEVICE_FAMILY = "1,2";
			};
			name = Release;
		};
		CBAFEF2D2A76C8B8009DF242 /* Debug */ = {
			isa = XCBuildConfiguration;
			buildSettings = {
				ALWAYS_EMBED_SWIFT_STANDARD_LIBRARIES = YES;
				BUNDLE_LOADER = "$(TEST_HOST)";
				CODE_SIGN_STYLE = Automatic;
				CURRENT_PROJECT_VERSION = 1;
				GENERATE_INFOPLIST_FILE = YES;
				IPHONEOS_DEPLOYMENT_TARGET = 16.4;
				MARKETING_VERSION = 1.0;
				PRODUCT_BUNDLE_IDENTIFIER = com.codeforany.OnlineGroceriesSwiftUITests;
				PRODUCT_NAME = "$(TARGET_NAME)";
				SWIFT_EMIT_LOC_STRINGS = NO;
				SWIFT_VERSION = 5.0;
				TARGETED_DEVICE_FAMILY = "1,2";
				TEST_HOST = "$(BUILT_PRODUCTS_DIR)/OnlineGroceriesSwiftUI.app/$(BUNDLE_EXECUTABLE_FOLDER_PATH)/OnlineGroceriesSwiftUI";
			};
			name = Debug;
		};
		CBAFEF2E2A76C8B8009DF242 /* Release */ = {
			isa = XCBuildConfiguration;
			buildSettings = {
				ALWAYS_EMBED_SWIFT_STANDARD_LIBRARIES = YES;
				BUNDLE_LOADER = "$(TEST_HOST)";
				CODE_SIGN_STYLE = Automatic;
				CURRENT_PROJECT_VERSION = 1;
				GENERATE_INFOPLIST_FILE = YES;
				IPHONEOS_DEPLOYMENT_TARGET = 16.4;
				MARKETING_VERSION = 1.0;
				PRODUCT_BUNDLE_IDENTIFIER = com.codeforany.OnlineGroceriesSwiftUITests;
				PRODUCT_NAME = "$(TARGET_NAME)";
				SWIFT_EMIT_LOC_STRINGS = NO;
				SWIFT_VERSION = 5.0;
				TARGETED_DEVICE_FAMILY = "1,2";
				TEST_HOST = "$(BUILT_PRODUCTS_DIR)/OnlineGroceriesSwiftUI.app/$(BUNDLE_EXECUTABLE_FOLDER_PATH)/OnlineGroceriesSwiftUI";
			};
			name = Release;
		};
		CBAFEF302A76C8B8009DF242 /* Debug */ = {
			isa = XCBuildConfiguration;
			buildSettings = {
				ALWAYS_EMBED_SWIFT_STANDARD_LIBRARIES = YES;
				CODE_SIGN_STYLE = Automatic;
				CURRENT_PROJECT_VERSION = 1;
				GENERATE_INFOPLIST_FILE = YES;
				MARKETING_VERSION = 1.0;
				PRODUCT_BUNDLE_IDENTIFIER = com.codeforany.OnlineGroceriesSwiftUIUITests;
				PRODUCT_NAME = "$(TARGET_NAME)";
				SWIFT_EMIT_LOC_STRINGS = NO;
				SWIFT_VERSION = 5.0;
				TARGETED_DEVICE_FAMILY = "1,2";
				TEST_TARGET_NAME = OnlineGroceriesSwiftUI;
			};
			name = Debug;
		};
		CBAFEF312A76C8B8009DF242 /* Release */ = {
			isa = XCBuildConfiguration;
			buildSettings = {
				ALWAYS_EMBED_SWIFT_STANDARD_LIBRARIES = YES;
				CODE_SIGN_STYLE = Automatic;
				CURRENT_PROJECT_VERSION = 1;
				GENERATE_INFOPLIST_FILE = YES;
				MARKETING_VERSION = 1.0;
				PRODUCT_BUNDLE_IDENTIFIER = com.codeforany.OnlineGroceriesSwiftUIUITests;
				PRODUCT_NAME = "$(TARGET_NAME)";
				SWIFT_EMIT_LOC_STRINGS = NO;
				SWIFT_VERSION = 5.0;
				TARGETED_DEVICE_FAMILY = "1,2";
				TEST_TARGET_NAME = OnlineGroceriesSwiftUI;
			};
			name = Release;
		};
/* End XCBuildConfiguration section */

/* Begin XCConfigurationList section */
		CBAFEF002A76C8B4009DF242 /* Build configuration list for PBXProject "OnlineGroceriesSwiftUI" */ = {
			isa = XCConfigurationList;
			buildConfigurations = (
				CBAFEF272A76C8B8009DF242 /* Debug */,
				CBAFEF282A76C8B8009DF242 /* Release */,
			);
			defaultConfigurationIsVisible = 0;
			defaultConfigurationName = Release;
		};
		CBAFEF292A76C8B8009DF242 /* Build configuration list for PBXNativeTarget "OnlineGroceriesSwiftUI" */ = {
			isa = XCConfigurationList;
			buildConfigurations = (
				CBAFEF2A2A76C8B8009DF242 /* Debug */,
				CBAFEF2B2A76C8B8009DF242 /* Release */,
			);
			defaultConfigurationIsVisible = 0;
			defaultConfigurationName = Release;
		};
		CBAFEF2C2A76C8B8009DF242 /* Build configuration list for PBXNativeTarget "OnlineGroceriesSwiftUITests" */ = {
			isa = XCConfigurationList;
			buildConfigurations = (
				CBAFEF2D2A76C8B8009DF242 /* Debug */,
				CBAFEF2E2A76C8B8009DF242 /* Release */,
			);
			defaultConfigurationIsVisible = 0;
			defaultConfigurationName = Release;
		};
		CBAFEF2F2A76C8B8009DF242 /* Build configuration list for PBXNativeTarget "OnlineGroceriesSwiftUIUITests" */ = {
			isa = XCConfigurationList;
			buildConfigurations = (
				CBAFEF302A76C8B8009DF242 /* Debug */,
				CBAFEF312A76C8B8009DF242 /* Release */,
			);
			defaultConfigurationIsVisible = 0;
			defaultConfigurationName = Release;
		};
/* End XCConfigurationList section */
	};
	rootObject = CBAFEEFD2A76C8B4009DF242 /* Project object */;
}
